// !$*UTF8*$!
{
	archiveVersion = 1;
	classes = {
	};
	objectVersion = 46;
	objects = {

/* Begin PBXBuildFile section */
		680BAD471EF95C920052FA11 /* 求魔.txt in Resources */ = {isa = PBXBuildFile; fileRef = 680BAD461EF95C920052FA11 /* 求魔.txt */; };
		6825AACB1EFD483000A0F73F /* InfoModel.swift in Sources */ = {isa = PBXBuildFile; fileRef = 6825AACA1EFD483000A0F73F /* InfoModel.swift */; };
		684B74701F013E1B009EF889 /* ZHNTopView.swift in Sources */ = {isa = PBXBuildFile; fileRef = 684B746F1F013E1B009EF889 /* ZHNTopView.swift */; };
		684F04601F0B571500C712F6 /* LaunchScreen.storyboard in Resources */ = {isa = PBXBuildFile; fileRef = 68F4D85C1EF7FCBB004B39DB /* LaunchScreen.storyboard */; };
		684F04611F0B571500C712F6 /* Main.storyboard in Resources */ = {isa = PBXBuildFile; fileRef = 68F4D8541EF7FCBB004B39DB /* Main.storyboard */; };
		68571B321F03573600D1F7C1 /* Record+CoreDataClass.swift in Sources */ = {isa = PBXBuildFile; fileRef = 68571B311F03573600D1F7C1 /* Record+CoreDataClass.swift */; };
		68571B341F03577E00D1F7C1 /* Record+CoreDataProperties.swift in Sources */ = {isa = PBXBuildFile; fileRef = 68571B331F03577E00D1F7C1 /* Record+CoreDataProperties.swift */; };
		68571B361F0358F400D1F7C1 /* RecordManager.swift in Sources */ = {isa = PBXBuildFile; fileRef = 68571B351F0358F400D1F7C1 /* RecordManager.swift */; };
		68571B381F03598500D1F7C1 /* ServerRecord.swift in Sources */ = {isa = PBXBuildFile; fileRef = 68571B371F03598500D1F7C1 /* ServerRecord.swift */; };
		685C05A21F01E65600BEB1F4 /* ZHNLightView.swift in Sources */ = {isa = PBXBuildFile; fileRef = 685C05A11F01E65600BEB1F4 /* ZHNLightView.swift */; };
		685C05A41F01FCD800BEB1F4 /* ZHNStatusView.swift in Sources */ = {isa = PBXBuildFile; fileRef = 685C05A31F01FCD800BEB1F4 /* ZHNStatusView.swift */; };
		685C05A61F01FD0D00BEB1F4 /* ZHNBatteryView.swift in Sources */ = {isa = PBXBuildFile; fileRef = 685C05A51F01FD0D00BEB1F4 /* ZHNBatteryView.swift */; };
		685C05A91F0200ED00BEB1F4 /* ZHNBottomView.swift in Sources */ = {isa = PBXBuildFile; fileRef = 685C05A71F0200ED00BEB1F4 /* ZHNBottomView.swift */; };
		685C05AA1F0200ED00BEB1F4 /* ZHNReadMenu.swift in Sources */ = {isa = PBXBuildFile; fileRef = 685C05A81F0200ED00BEB1F4 /* ZHNReadMenu.swift */; };
		685C05AD1F02015D00BEB1F4 /* ZHNBaseView.swift in Sources */ = {isa = PBXBuildFile; fileRef = 685C05AB1F02015D00BEB1F4 /* ZHNBaseView.swift */; };
		685C05AE1F02015D00BEB1F4 /* ZHNLeftView.swift in Sources */ = {isa = PBXBuildFile; fileRef = 685C05AC1F02015D00BEB1F4 /* ZHNLeftView.swift */; };
		685C05B31F0201E700BEB1F4 /* ZHNColorView.swift in Sources */ = {isa = PBXBuildFile; fileRef = 685C05B21F0201E700BEB1F4 /* ZHNColorView.swift */; };
		685C05B51F02025A00BEB1F4 /* ZHNHaloButton.swift in Sources */ = {isa = PBXBuildFile; fileRef = 685C05B41F02025A00BEB1F4 /* ZHNHaloButton.swift */; };
		685C05B71F0202EE00BEB1F4 /* ZHNFuncView.swift in Sources */ = {isa = PBXBuildFile; fileRef = 685C05B61F0202EE00BEB1F4 /* ZHNFuncView.swift */; };
		685C05B91F02041D00BEB1F4 /* ZHNSettingView.swift in Sources */ = {isa = PBXBuildFile; fileRef = 685C05B81F02041D00BEB1F4 /* ZHNSettingView.swift */; };
		6861A94B1F00FFA200A7687A /* DZMSegmentedControl.swift in Sources */ = {isa = PBXBuildFile; fileRef = 6861A94A1F00FFA200A7687A /* DZMSegmentedControl.swift */; };
		6861A94D1F00FFE300A7687A /* UIView+Extension.swift in Sources */ = {isa = PBXBuildFile; fileRef = 6861A94C1F00FFE300A7687A /* UIView+Extension.swift */; };
		6861A9541F0115A700A7687A /* G_Battery_Black@2x.png in Resources */ = {isa = PBXBuildFile; fileRef = 6861A9521F0115A700A7687A /* G_Battery_Black@2x.png */; };
		6861A9551F0115A800A7687A /* G_Battery_Black@3x.png in Resources */ = {isa = PBXBuildFile; fileRef = 6861A9531F0115A700A7687A /* G_Battery_Black@3x.png */; };
		6861A9581F0115B500A7687A /* read_bar_0@2x.png in Resources */ = {isa = PBXBuildFile; fileRef = 6861A9561F0115B500A7687A /* read_bar_0@2x.png */; };
		6861A9591F0115B500A7687A /* read_bar_0@3x.png in Resources */ = {isa = PBXBuildFile; fileRef = 6861A9571F0115B500A7687A /* read_bar_0@3x.png */; };
		6861A95C1F0115BC00A7687A /* read_bar_1@2x.png in Resources */ = {isa = PBXBuildFile; fileRef = 6861A95A1F0115BC00A7687A /* read_bar_1@2x.png */; };
		6861A95D1F0115BC00A7687A /* read_bar_1@3x.png in Resources */ = {isa = PBXBuildFile; fileRef = 6861A95B1F0115BC00A7687A /* read_bar_1@3x.png */; };
		6861A9601F0115C500A7687A /* read_bar_2@2x.png in Resources */ = {isa = PBXBuildFile; fileRef = 6861A95E1F0115C500A7687A /* read_bar_2@2x.png */; };
		6861A9611F0115C500A7687A /* read_bar_2@3x.png in Resources */ = {isa = PBXBuildFile; fileRef = 6861A95F1F0115C500A7687A /* read_bar_2@3x.png */; };
		6861A9641F0115CE00A7687A /* read_bar_3@2x.png in Resources */ = {isa = PBXBuildFile; fileRef = 6861A9621F0115CE00A7687A /* read_bar_3@2x.png */; };
		6861A9651F0115CE00A7687A /* read_bar_3@3x.png in Resources */ = {isa = PBXBuildFile; fileRef = 6861A9631F0115CE00A7687A /* read_bar_3@3x.png */; };
		6861A9681F0115D600A7687A /* RM_0@2x.png in Resources */ = {isa = PBXBuildFile; fileRef = 6861A9661F0115D600A7687A /* RM_0@2x.png */; };
		6861A9691F0115D600A7687A /* RM_0@3x.png in Resources */ = {isa = PBXBuildFile; fileRef = 6861A9671F0115D600A7687A /* RM_0@3x.png */; };
		6861A96C1F0115DD00A7687A /* RM_1@2x.png in Resources */ = {isa = PBXBuildFile; fileRef = 6861A96A1F0115DD00A7687A /* RM_1@2x.png */; };
		6861A96D1F0115DD00A7687A /* RM_1@3x.png in Resources */ = {isa = PBXBuildFile; fileRef = 6861A96B1F0115DD00A7687A /* RM_1@3x.png */; };
		6861A9701F0115E900A7687A /* RM_2@2x.png in Resources */ = {isa = PBXBuildFile; fileRef = 6861A96E1F0115E900A7687A /* RM_2@2x.png */; };
		6861A9711F0115E900A7687A /* RM_2@3x.png in Resources */ = {isa = PBXBuildFile; fileRef = 6861A96F1F0115E900A7687A /* RM_2@3x.png */; };
		6861A9741F0115F000A7687A /* RM_3@2x.png in Resources */ = {isa = PBXBuildFile; fileRef = 6861A9721F0115F000A7687A /* RM_3@2x.png */; };
		6861A9751F0115F000A7687A /* RM_3@3x.png in Resources */ = {isa = PBXBuildFile; fileRef = 6861A9731F0115F000A7687A /* RM_3@3x.png */; };
		6861A9781F0115F700A7687A /* RM_4@2x.png in Resources */ = {isa = PBXBuildFile; fileRef = 6861A9761F0115F700A7687A /* RM_4@2x.png */; };
		6861A9791F0115F700A7687A /* RM_4@3x.png in Resources */ = {isa = PBXBuildFile; fileRef = 6861A9771F0115F700A7687A /* RM_4@3x.png */; };
		6861A97C1F01160000A7687A /* RM_5@2x.png in Resources */ = {isa = PBXBuildFile; fileRef = 6861A97A1F01160000A7687A /* RM_5@2x.png */; };
		6861A97D1F01160000A7687A /* RM_5@3x.png in Resources */ = {isa = PBXBuildFile; fileRef = 6861A97B1F01160000A7687A /* RM_5@3x.png */; };
		6861A9801F01160900A7687A /* RM_6@2x.png in Resources */ = {isa = PBXBuildFile; fileRef = 6861A97E1F01160900A7687A /* RM_6@2x.png */; };
		6861A9811F01160900A7687A /* RM_6@3x.png in Resources */ = {isa = PBXBuildFile; fileRef = 6861A97F1F01160900A7687A /* RM_6@3x.png */; };
		6861A9841F01161100A7687A /* RM_7@2x.png in Resources */ = {isa = PBXBuildFile; fileRef = 6861A9821F01161100A7687A /* RM_7@2x.png */; };
		6861A9851F01161100A7687A /* RM_7@3x.png in Resources */ = {isa = PBXBuildFile; fileRef = 6861A9831F01161100A7687A /* RM_7@3x.png */; };
		6861A9881F01161900A7687A /* RM_8@2x.png in Resources */ = {isa = PBXBuildFile; fileRef = 6861A9861F01161900A7687A /* RM_8@2x.png */; };
		6861A9891F01161900A7687A /* RM_8@3x.png in Resources */ = {isa = PBXBuildFile; fileRef = 6861A9871F01161900A7687A /* RM_8@3x.png */; };
		6861A98C1F01162000A7687A /* RM_9@2x.png in Resources */ = {isa = PBXBuildFile; fileRef = 6861A98A1F01162000A7687A /* RM_9@2x.png */; };
		6861A98D1F01162000A7687A /* RM_9@3x.png in Resources */ = {isa = PBXBuildFile; fileRef = 6861A98B1F01162000A7687A /* RM_9@3x.png */; };
		6861A9901F01162600A7687A /* RM_10@2x.png in Resources */ = {isa = PBXBuildFile; fileRef = 6861A98E1F01162600A7687A /* RM_10@2x.png */; };
		6861A9911F01162600A7687A /* RM_10@3x.png in Resources */ = {isa = PBXBuildFile; fileRef = 6861A98F1F01162600A7687A /* RM_10@3x.png */; };
		6861A9941F01162D00A7687A /* RM_11@2x.png in Resources */ = {isa = PBXBuildFile; fileRef = 6861A9921F01162D00A7687A /* RM_11@2x.png */; };
		6861A9951F01162D00A7687A /* RM_11@3x.png in Resources */ = {isa = PBXBuildFile; fileRef = 6861A9931F01162D00A7687A /* RM_11@3x.png */; };
		6861A9981F01163600A7687A /* RM_13@2x.png in Resources */ = {isa = PBXBuildFile; fileRef = 6861A9961F01163600A7687A /* RM_13@2x.png */; };
		6861A9991F01163600A7687A /* RM_13@3x.png in Resources */ = {isa = PBXBuildFile; fileRef = 6861A9971F01163600A7687A /* RM_13@3x.png */; };
		6861A99C1F01163E00A7687A /* RM_14@2x.png in Resources */ = {isa = PBXBuildFile; fileRef = 6861A99A1F01163E00A7687A /* RM_14@2x.png */; };
		6861A99D1F01163E00A7687A /* RM_14@3x.png in Resources */ = {isa = PBXBuildFile; fileRef = 6861A99B1F01163E00A7687A /* RM_14@3x.png */; };
		6861A9A01F01164500A7687A /* RM_15@2x.png in Resources */ = {isa = PBXBuildFile; fileRef = 6861A99E1F01164500A7687A /* RM_15@2x.png */; };
		6861A9A11F01164500A7687A /* RM_15@3x.png in Resources */ = {isa = PBXBuildFile; fileRef = 6861A99F1F01164500A7687A /* RM_15@3x.png */; };
		6861A9A41F01164C00A7687A /* RM_16@2x.png in Resources */ = {isa = PBXBuildFile; fileRef = 6861A9A21F01164C00A7687A /* RM_16@2x.png */; };
		6861A9A51F01164C00A7687A /* RM_16@3x.png in Resources */ = {isa = PBXBuildFile; fileRef = 6861A9A31F01164C00A7687A /* RM_16@3x.png */; };
		6861A9A81F01165400A7687A /* RM_17@2x.png in Resources */ = {isa = PBXBuildFile; fileRef = 6861A9A61F01165400A7687A /* RM_17@2x.png */; };
		6861A9A91F01165400A7687A /* RM_17@3x.png in Resources */ = {isa = PBXBuildFile; fileRef = 6861A9A71F01165400A7687A /* RM_17@3x.png */; };
		6861A9AC1F01166100A7687A /* RM_18@2x.png in Resources */ = {isa = PBXBuildFile; fileRef = 6861A9AA1F01166100A7687A /* RM_18@2x.png */; };
		6861A9AD1F01166100A7687A /* RM_18@3x.png in Resources */ = {isa = PBXBuildFile; fileRef = 6861A9AB1F01166100A7687A /* RM_18@3x.png */; };
		6863E1691F0A114700FDB81A /* ViewSwift.swift in Sources */ = {isa = PBXBuildFile; fileRef = 6863E1681F0A114700FDB81A /* ViewSwift.swift */; };
		6881D4861EFCB6CE003CA502 /* Home.storyboard in Resources */ = {isa = PBXBuildFile; fileRef = 6881D4851EFCB6CD003CA502 /* Home.storyboard */; };
		6881D4881EFCB6E4003CA502 /* User.storyboard in Resources */ = {isa = PBXBuildFile; fileRef = 6881D4871EFCB6E4003CA502 /* User.storyboard */; };
		6881D48C1EFCB88A003CA502 /* HomeViewController.swift in Sources */ = {isa = PBXBuildFile; fileRef = 6881D48B1EFCB88A003CA502 /* HomeViewController.swift */; };
		6881D48E1EFCB8C7003CA502 /* UserViewController.swift in Sources */ = {isa = PBXBuildFile; fileRef = 6881D48D1EFCB8C7003CA502 /* UserViewController.swift */; };
		6881D4911EFCBB4B003CA502 /* MyNavigationController.swift in Sources */ = {isa = PBXBuildFile; fileRef = 6881D4901EFCBB4B003CA502 /* MyNavigationController.swift */; };
		6881D4931EFCBB90003CA502 /* MyTabBarController.swift in Sources */ = {isa = PBXBuildFile; fileRef = 6881D4921EFCBB90003CA502 /* MyTabBarController.swift */; };
		6881D4961EFCBC31003CA502 /* ZHNBookShelfView.swift in Sources */ = {isa = PBXBuildFile; fileRef = 6881D4951EFCBC31003CA502 /* ZHNBookShelfView.swift */; };
		6881D4981EFCBC4A003CA502 /* ZHNLayout.swift in Sources */ = {isa = PBXBuildFile; fileRef = 6881D4971EFCBC4A003CA502 /* ZHNLayout.swift */; };
		6881D49B1EFCBC6B003CA502 /* ZHNBookShelfCell.swift in Sources */ = {isa = PBXBuildFile; fileRef = 6881D4991EFCBC6B003CA502 /* ZHNBookShelfCell.swift */; };
		6881D49C1EFCBC6B003CA502 /* ZHNBookShelfCell.xib in Resources */ = {isa = PBXBuildFile; fileRef = 6881D49A1EFCBC6B003CA502 /* ZHNBookShelfCell.xib */; };
		6881D4A01EFCBDA2003CA502 /* 4Inchbookshelfback.png in Resources */ = {isa = PBXBuildFile; fileRef = 6881D49D1EFCBDA2003CA502 /* 4Inchbookshelfback.png */; };
		6881D4A11EFCBDA2003CA502 /* 4_7Inchbookshelfback.png in Resources */ = {isa = PBXBuildFile; fileRef = 6881D49E1EFCBDA2003CA502 /* 4_7Inchbookshelfback.png */; };
		6881D4A21EFCBDA2003CA502 /* 5_5Inchbookshelfback.png in Resources */ = {isa = PBXBuildFile; fileRef = 6881D49F1EFCBDA2003CA502 /* 5_5Inchbookshelfback.png */; };
		6881D4A41EFCBDB3003CA502 /* 703s.jpg in Resources */ = {isa = PBXBuildFile; fileRef = 6881D4A31EFCBDB3003CA502 /* 703s.jpg */; };
		68A6C6991EFAA7DB00BF971B /* ASValuePopUpView.m in Sources */ = {isa = PBXBuildFile; fileRef = 68A6C65F1EFAA7DB00BF971B /* ASValuePopUpView.m */; };
		68A6C69A1EFAA7DB00BF971B /* ASValueTrackingSlider.m in Sources */ = {isa = PBXBuildFile; fileRef = 68A6C6611EFAA7DB00BF971B /* ASValueTrackingSlider.m */; };
		68A6C69B1EFAA7DB00BF971B /* DZMCoverController.m in Sources */ = {isa = PBXBuildFile; fileRef = 68A6C6641EFAA7DB00BF971B /* DZMCoverController.m */; };
		68A6C69C1EFAA7DB00BF971B /* UINavigationController+FDFullscreenPopGesture.m in Sources */ = {isa = PBXBuildFile; fileRef = 68A6C6671EFAA7DB00BF971B /* UINavigationController+FDFullscreenPopGesture.m */; };
		68A6C69D1EFAA7DB00BF971B /* UIView+YGPulseView.m in Sources */ = {isa = PBXBuildFile; fileRef = 68A6C66A1EFAA7DB00BF971B /* UIView+YGPulseView.m */; };
		68A6C6C31EFAA8AF00BF971B /* Constant.swift in Sources */ = {isa = PBXBuildFile; fileRef = 68A6C6C21EFAA8AF00BF971B /* Constant.swift */; };
		68A6C6C51EFAA93A00BF971B /* NovelFacade.swift in Sources */ = {isa = PBXBuildFile; fileRef = 68A6C6C41EFAA93A00BF971B /* NovelFacade.swift */; };
		68A6C6C71EFAA97800BF971B /* NovelWSHelper.swift in Sources */ = {isa = PBXBuildFile; fileRef = 68A6C6C61EFAA97800BF971B /* NovelWSHelper.swift */; };
		68A6C6C91EFAA99D00BF971B /* CommonWSHelper.swift in Sources */ = {isa = PBXBuildFile; fileRef = 68A6C6C81EFAA99D00BF971B /* CommonWSHelper.swift */; };
		68A6C6CB1EFAA9BF00BF971B /* ServiceResponse.swift in Sources */ = {isa = PBXBuildFile; fileRef = 68A6C6CA1EFAA9BF00BF971B /* ServiceResponse.swift */; };
		68A6C6CD1EFAAA6300BF971B /* ServerResponse.swift in Sources */ = {isa = PBXBuildFile; fileRef = 68A6C6CC1EFAAA6300BF971B /* ServerResponse.swift */; };
		68A6C6CF1EFAADBA00BF971B /* ErrorCode.swift in Sources */ = {isa = PBXBuildFile; fileRef = 68A6C6CE1EFAADBA00BF971B /* ErrorCode.swift */; };
		68A6C6D11EFAAE8F00BF971B /* Common.swift in Sources */ = {isa = PBXBuildFile; fileRef = 68A6C6D01EFAAE8F00BF971B /* Common.swift */; };
		68A6C6D31EFAB1B700BF971B /* Novel+CoreDataClass.swift in Sources */ = {isa = PBXBuildFile; fileRef = 68A6C6D21EFAB1B700BF971B /* Novel+CoreDataClass.swift */; };
		68A6C6D51EFAB24200BF971B /* Novel+CoreDataProperties.swift in Sources */ = {isa = PBXBuildFile; fileRef = 68A6C6D41EFAB24200BF971B /* Novel+CoreDataProperties.swift */; };
		68A6C6D71EFAB61A00BF971B /* ServerNovel.swift in Sources */ = {isa = PBXBuildFile; fileRef = 68A6C6D61EFAB61A00BF971B /* ServerNovel.swift */; };
		68A6C6D91EFAB78400BF971B /* NovelManager.swift in Sources */ = {isa = PBXBuildFile; fileRef = 68A6C6D81EFAB78400BF971B /* NovelManager.swift */; };
		68A6C6DB1EFAB82400BF971B /* CoreDataManager.swift in Sources */ = {isa = PBXBuildFile; fileRef = 68A6C6DA1EFAB82400BF971B /* CoreDataManager.swift */; };
		68B5A07A1EFE0796009D4EAE /* Chapter+CoreDataClass.swift in Sources */ = {isa = PBXBuildFile; fileRef = 68B5A0791EFE0796009D4EAE /* Chapter+CoreDataClass.swift */; };
		68B5A07C1EFE0821009D4EAE /* Chapter+CoreDataProperties.swift in Sources */ = {isa = PBXBuildFile; fileRef = 68B5A07B1EFE0821009D4EAE /* Chapter+CoreDataProperties.swift */; };
		68B5A07E1EFE08D2009D4EAE /* ChapterManager.swift in Sources */ = {isa = PBXBuildFile; fileRef = 68B5A07D1EFE08D2009D4EAE /* ChapterManager.swift */; };
		68B5A0801EFE096B009D4EAE /* ServerChapter.swift in Sources */ = {isa = PBXBuildFile; fileRef = 68B5A07F1EFE096B009D4EAE /* ServerChapter.swift */; };
		68B5A0821EFE0D4D009D4EAE /* ChapterFacade.swift in Sources */ = {isa = PBXBuildFile; fileRef = 68B5A0811EFE0D4D009D4EAE /* ChapterFacade.swift */; };
		68B5A0841EFE0D6E009D4EAE /* ChapterWSHelper.swift in Sources */ = {isa = PBXBuildFile; fileRef = 68B5A0831EFE0D6E009D4EAE /* ChapterWSHelper.swift */; };
		68B5A0921EFE5A5D009D4EAE /* ZHNReadController.swift in Sources */ = {isa = PBXBuildFile; fileRef = 68B5A0911EFE5A5D009D4EAE /* ZHNReadController.swift */; };
		68B5A0941EFE78CA009D4EAE /* ZHNBaseViewController.swift in Sources */ = {isa = PBXBuildFile; fileRef = 68B5A0931EFE78CA009D4EAE /* ZHNBaseViewController.swift */; };
		68B5A0971EFE7904009D4EAE /* ZHNReadConfigure.swift in Sources */ = {isa = PBXBuildFile; fileRef = 68B5A0961EFE7904009D4EAE /* ZHNReadConfigure.swift */; };
		68B5A0991EFE7941009D4EAE /* ZHNGlobalProperty.swift in Sources */ = {isa = PBXBuildFile; fileRef = 68B5A0981EFE7941009D4EAE /* ZHNGlobalProperty.swift */; };
		68B5A09B1EFE798F009D4EAE /* ZHNGlobalMethod.swift in Sources */ = {isa = PBXBuildFile; fileRef = 68B5A09A1EFE798F009D4EAE /* ZHNGlobalMethod.swift */; };
		68B5A09D1EFE79FC009D4EAE /* String+Extension.swift in Sources */ = {isa = PBXBuildFile; fileRef = 68B5A09C1EFE79FC009D4EAE /* String+Extension.swift */; };
		68B5A0A21EFE7BBC009D4EAE /* ZHNReadEnum.swift in Sources */ = {isa = PBXBuildFile; fileRef = 68B5A0A11EFE7BBC009D4EAE /* ZHNReadEnum.swift */; };
		68B5A0A41EFE7CC2009D4EAE /* ZHNReadUserDefaults.swift in Sources */ = {isa = PBXBuildFile; fileRef = 68B5A0A31EFE7CC2009D4EAE /* ZHNReadUserDefaults.swift */; };
		68B5A0A61EFE7E93009D4EAE /* NSObject+Extension.swift in Sources */ = {isa = PBXBuildFile; fileRef = 68B5A0A51EFE7E93009D4EAE /* NSObject+Extension.swift */; };
		68B5A0AA1EFE82BB009D4EAE /* read_bg_0@2x.png in Resources */ = {isa = PBXBuildFile; fileRef = 68B5A0A81EFE82BB009D4EAE /* read_bg_0@2x.png */; };
		68B5A0AB1EFE82BB009D4EAE /* read_bg_0@3x.png in Resources */ = {isa = PBXBuildFile; fileRef = 68B5A0A91EFE82BB009D4EAE /* read_bg_0@3x.png */; };
		68B5A0AD1EFE856A009D4EAE /* ZHNReadOperation.swift in Sources */ = {isa = PBXBuildFile; fileRef = 68B5A0AC1EFE856A009D4EAE /* ZHNReadOperation.swift */; };
		68B5A0AF1EFE86CE009D4EAE /* ZHNReadViewController.swift in Sources */ = {isa = PBXBuildFile; fileRef = 68B5A0AE1EFE86CE009D4EAE /* ZHNReadViewController.swift */; };
		68B5A0B11EFE9500009D4EAE /* ZHNReadViewCell.swift in Sources */ = {isa = PBXBuildFile; fileRef = 68B5A0B01EFE9500009D4EAE /* ZHNReadViewCell.swift */; };
		68B5A0B31EFE951B009D4EAE /* ZHNReadView.swift in Sources */ = {isa = PBXBuildFile; fileRef = 68B5A0B21EFE951B009D4EAE /* ZHNReadView.swift */; };
		68B5A0B51EFE95C2009D4EAE /* ZHNReadParser.swift in Sources */ = {isa = PBXBuildFile; fileRef = 68B5A0B41EFE95C2009D4EAE /* ZHNReadParser.swift */; };
		68B5A0B71EFE969F009D4EAE /* ZHNReadViewUDCell.swift in Sources */ = {isa = PBXBuildFile; fileRef = 68B5A0B61EFE969F009D4EAE /* ZHNReadViewUDCell.swift */; };
		68B5A0B91EFE9887009D4EAE /* Content+CoreDataClass.swift in Sources */ = {isa = PBXBuildFile; fileRef = 68B5A0B81EFE9887009D4EAE /* Content+CoreDataClass.swift */; };
		68B5A0BB1EFE98E8009D4EAE /* Content+CoreDataProperties.swift in Sources */ = {isa = PBXBuildFile; fileRef = 68B5A0BA1EFE98E8009D4EAE /* Content+CoreDataProperties.swift */; };
		68B5A0BD1EFE9940009D4EAE /* ServerContent.swift in Sources */ = {isa = PBXBuildFile; fileRef = 68B5A0BC1EFE9940009D4EAE /* ServerContent.swift */; };
		68B5A0BF1EFEA840009D4EAE /* ZHNReadRecordModel.swift in Sources */ = {isa = PBXBuildFile; fileRef = 68B5A0BE1EFEA840009D4EAE /* ZHNReadRecordModel.swift */; };
		68B5A0C11EFEAEE1009D4EAE /* ContentWSHelper.swift in Sources */ = {isa = PBXBuildFile; fileRef = 68B5A0C01EFEAEE1009D4EAE /* ContentWSHelper.swift */; };
		68B5A0C31EFEB23D009D4EAE /* ContentFacade.swift in Sources */ = {isa = PBXBuildFile; fileRef = 68B5A0C21EFEB23D009D4EAE /* ContentFacade.swift */; };
		68B5A0C51EFEB2F3009D4EAE /* ContentManager.swift in Sources */ = {isa = PBXBuildFile; fileRef = 68B5A0C41EFEB2F3009D4EAE /* ContentManager.swift */; };
		68F4D8511EF7FCBB004B39DB /* AppDelegate.swift in Sources */ = {isa = PBXBuildFile; fileRef = 68F4D8501EF7FCBB004B39DB /* AppDelegate.swift */; };
		68F4D8531EF7FCBB004B39DB /* ViewController.swift in Sources */ = {isa = PBXBuildFile; fileRef = 68F4D8521EF7FCBB004B39DB /* ViewController.swift */; };
		68F4D8591EF7FCBB004B39DB /* Reader.xcdatamodeld in Sources */ = {isa = PBXBuildFile; fileRef = 68F4D8571EF7FCBB004B39DB /* Reader.xcdatamodeld */; };
		68F4D85B1EF7FCBB004B39DB /* Assets.xcassets in Resources */ = {isa = PBXBuildFile; fileRef = 68F4D85A1EF7FCBB004B39DB /* Assets.xcassets */; };
		FA268755716D16A20A9AD89A /* Pods_Reader.framework in Frameworks */ = {isa = PBXBuildFile; fileRef = CCB43FD6337481CDE00ADAFC /* Pods_Reader.framework */; };
/* End PBXBuildFile section */

/* Begin PBXFileReference section */
		3BED83C7077D86B773E450C8 /* Pods-Reader.debug.xcconfig */ = {isa = PBXFileReference; includeInIndex = 1; lastKnownFileType = text.xcconfig; name = "Pods-Reader.debug.xcconfig"; path = "Pods/Target Support Files/Pods-Reader/Pods-Reader.debug.xcconfig"; sourceTree = "<group>"; };
		680BAD461EF95C920052FA11 /* 求魔.txt */ = {isa = PBXFileReference; fileEncoding = 4; lastKnownFileType = text; path = "求魔.txt"; sourceTree = "<group>"; };
		6825AACA1EFD483000A0F73F /* InfoModel.swift */ = {isa = PBXFileReference; fileEncoding = 4; lastKnownFileType = sourcecode.swift; path = InfoModel.swift; sourceTree = "<group>"; };
		684B746F1F013E1B009EF889 /* ZHNTopView.swift */ = {isa = PBXFileReference; fileEncoding = 4; lastKnownFileType = sourcecode.swift; path = ZHNTopView.swift; sourceTree = "<group>"; };
		68571B311F03573600D1F7C1 /* Record+CoreDataClass.swift */ = {isa = PBXFileReference; fileEncoding = 4; lastKnownFileType = sourcecode.swift; path = "Record+CoreDataClass.swift"; sourceTree = "<group>"; };
		68571B331F03577E00D1F7C1 /* Record+CoreDataProperties.swift */ = {isa = PBXFileReference; fileEncoding = 4; lastKnownFileType = sourcecode.swift; path = "Record+CoreDataProperties.swift"; sourceTree = "<group>"; };
		68571B351F0358F400D1F7C1 /* RecordManager.swift */ = {isa = PBXFileReference; fileEncoding = 4; lastKnownFileType = sourcecode.swift; path = RecordManager.swift; sourceTree = "<group>"; };
		68571B371F03598500D1F7C1 /* ServerRecord.swift */ = {isa = PBXFileReference; fileEncoding = 4; lastKnownFileType = sourcecode.swift; path = ServerRecord.swift; sourceTree = "<group>"; };
		685C05A11F01E65600BEB1F4 /* ZHNLightView.swift */ = {isa = PBXFileReference; fileEncoding = 4; lastKnownFileType = sourcecode.swift; path = ZHNLightView.swift; sourceTree = "<group>"; };
		685C05A31F01FCD800BEB1F4 /* ZHNStatusView.swift */ = {isa = PBXFileReference; fileEncoding = 4; lastKnownFileType = sourcecode.swift; path = ZHNStatusView.swift; sourceTree = "<group>"; };
		685C05A51F01FD0D00BEB1F4 /* ZHNBatteryView.swift */ = {isa = PBXFileReference; fileEncoding = 4; lastKnownFileType = sourcecode.swift; path = ZHNBatteryView.swift; sourceTree = "<group>"; };
		685C05A71F0200ED00BEB1F4 /* ZHNBottomView.swift */ = {isa = PBXFileReference; fileEncoding = 4; lastKnownFileType = sourcecode.swift; path = ZHNBottomView.swift; sourceTree = "<group>"; };
		685C05A81F0200ED00BEB1F4 /* ZHNReadMenu.swift */ = {isa = PBXFileReference; fileEncoding = 4; lastKnownFileType = sourcecode.swift; path = ZHNReadMenu.swift; sourceTree = "<group>"; };
		685C05AB1F02015D00BEB1F4 /* ZHNBaseView.swift */ = {isa = PBXFileReference; fileEncoding = 4; lastKnownFileType = sourcecode.swift; path = ZHNBaseView.swift; sourceTree = "<group>"; };
		685C05AC1F02015D00BEB1F4 /* ZHNLeftView.swift */ = {isa = PBXFileReference; fileEncoding = 4; lastKnownFileType = sourcecode.swift; path = ZHNLeftView.swift; sourceTree = "<group>"; };
		685C05B21F0201E700BEB1F4 /* ZHNColorView.swift */ = {isa = PBXFileReference; fileEncoding = 4; lastKnownFileType = sourcecode.swift; path = ZHNColorView.swift; sourceTree = "<group>"; };
		685C05B41F02025A00BEB1F4 /* ZHNHaloButton.swift */ = {isa = PBXFileReference; fileEncoding = 4; lastKnownFileType = sourcecode.swift; path = ZHNHaloButton.swift; sourceTree = "<group>"; };
		685C05B61F0202EE00BEB1F4 /* ZHNFuncView.swift */ = {isa = PBXFileReference; fileEncoding = 4; lastKnownFileType = sourcecode.swift; path = ZHNFuncView.swift; sourceTree = "<group>"; };
		685C05B81F02041D00BEB1F4 /* ZHNSettingView.swift */ = {isa = PBXFileReference; fileEncoding = 4; lastKnownFileType = sourcecode.swift; path = ZHNSettingView.swift; sourceTree = "<group>"; };
		6861A94A1F00FFA200A7687A /* DZMSegmentedControl.swift */ = {isa = PBXFileReference; fileEncoding = 4; lastKnownFileType = sourcecode.swift; path = DZMSegmentedControl.swift; sourceTree = "<group>"; };
		6861A94C1F00FFE300A7687A /* UIView+Extension.swift */ = {isa = PBXFileReference; fileEncoding = 4; lastKnownFileType = sourcecode.swift; path = "UIView+Extension.swift"; sourceTree = "<group>"; };
		6861A9521F0115A700A7687A /* G_Battery_Black@2x.png */ = {isa = PBXFileReference; lastKnownFileType = image.png; path = "G_Battery_Black@2x.png"; sourceTree = "<group>"; };
		6861A9531F0115A700A7687A /* G_Battery_Black@3x.png */ = {isa = PBXFileReference; lastKnownFileType = image.png; path = "G_Battery_Black@3x.png"; sourceTree = "<group>"; };
		6861A9561F0115B500A7687A /* read_bar_0@2x.png */ = {isa = PBXFileReference; lastKnownFileType = image.png; path = "read_bar_0@2x.png"; sourceTree = "<group>"; };
		6861A9571F0115B500A7687A /* read_bar_0@3x.png */ = {isa = PBXFileReference; lastKnownFileType = image.png; path = "read_bar_0@3x.png"; sourceTree = "<group>"; };
		6861A95A1F0115BC00A7687A /* read_bar_1@2x.png */ = {isa = PBXFileReference; lastKnownFileType = image.png; path = "read_bar_1@2x.png"; sourceTree = "<group>"; };
		6861A95B1F0115BC00A7687A /* read_bar_1@3x.png */ = {isa = PBXFileReference; lastKnownFileType = image.png; path = "read_bar_1@3x.png"; sourceTree = "<group>"; };
		6861A95E1F0115C500A7687A /* read_bar_2@2x.png */ = {isa = PBXFileReference; lastKnownFileType = image.png; path = "read_bar_2@2x.png"; sourceTree = "<group>"; };
		6861A95F1F0115C500A7687A /* read_bar_2@3x.png */ = {isa = PBXFileReference; lastKnownFileType = image.png; path = "read_bar_2@3x.png"; sourceTree = "<group>"; };
		6861A9621F0115CE00A7687A /* read_bar_3@2x.png */ = {isa = PBXFileReference; lastKnownFileType = image.png; path = "read_bar_3@2x.png"; sourceTree = "<group>"; };
		6861A9631F0115CE00A7687A /* read_bar_3@3x.png */ = {isa = PBXFileReference; lastKnownFileType = image.png; path = "read_bar_3@3x.png"; sourceTree = "<group>"; };
		6861A9661F0115D600A7687A /* RM_0@2x.png */ = {isa = PBXFileReference; lastKnownFileType = image.png; path = "RM_0@2x.png"; sourceTree = "<group>"; };
		6861A9671F0115D600A7687A /* RM_0@3x.png */ = {isa = PBXFileReference; lastKnownFileType = image.png; path = "RM_0@3x.png"; sourceTree = "<group>"; };
		6861A96A1F0115DD00A7687A /* RM_1@2x.png */ = {isa = PBXFileReference; lastKnownFileType = image.png; path = "RM_1@2x.png"; sourceTree = "<group>"; };
		6861A96B1F0115DD00A7687A /* RM_1@3x.png */ = {isa = PBXFileReference; lastKnownFileType = image.png; path = "RM_1@3x.png"; sourceTree = "<group>"; };
		6861A96E1F0115E900A7687A /* RM_2@2x.png */ = {isa = PBXFileReference; lastKnownFileType = image.png; path = "RM_2@2x.png"; sourceTree = "<group>"; };
		6861A96F1F0115E900A7687A /* RM_2@3x.png */ = {isa = PBXFileReference; lastKnownFileType = image.png; path = "RM_2@3x.png"; sourceTree = "<group>"; };
		6861A9721F0115F000A7687A /* RM_3@2x.png */ = {isa = PBXFileReference; lastKnownFileType = image.png; path = "RM_3@2x.png"; sourceTree = "<group>"; };
		6861A9731F0115F000A7687A /* RM_3@3x.png */ = {isa = PBXFileReference; lastKnownFileType = image.png; path = "RM_3@3x.png"; sourceTree = "<group>"; };
		6861A9761F0115F700A7687A /* RM_4@2x.png */ = {isa = PBXFileReference; lastKnownFileType = image.png; path = "RM_4@2x.png"; sourceTree = "<group>"; };
		6861A9771F0115F700A7687A /* RM_4@3x.png */ = {isa = PBXFileReference; lastKnownFileType = image.png; path = "RM_4@3x.png"; sourceTree = "<group>"; };
		6861A97A1F01160000A7687A /* RM_5@2x.png */ = {isa = PBXFileReference; lastKnownFileType = image.png; path = "RM_5@2x.png"; sourceTree = "<group>"; };
		6861A97B1F01160000A7687A /* RM_5@3x.png */ = {isa = PBXFileReference; lastKnownFileType = image.png; path = "RM_5@3x.png"; sourceTree = "<group>"; };
		6861A97E1F01160900A7687A /* RM_6@2x.png */ = {isa = PBXFileReference; lastKnownFileType = image.png; path = "RM_6@2x.png"; sourceTree = "<group>"; };
		6861A97F1F01160900A7687A /* RM_6@3x.png */ = {isa = PBXFileReference; lastKnownFileType = image.png; path = "RM_6@3x.png"; sourceTree = "<group>"; };
		6861A9821F01161100A7687A /* RM_7@2x.png */ = {isa = PBXFileReference; lastKnownFileType = image.png; path = "RM_7@2x.png"; sourceTree = "<group>"; };
		6861A9831F01161100A7687A /* RM_7@3x.png */ = {isa = PBXFileReference; lastKnownFileType = image.png; path = "RM_7@3x.png"; sourceTree = "<group>"; };
		6861A9861F01161900A7687A /* RM_8@2x.png */ = {isa = PBXFileReference; lastKnownFileType = image.png; path = "RM_8@2x.png"; sourceTree = "<group>"; };
		6861A9871F01161900A7687A /* RM_8@3x.png */ = {isa = PBXFileReference; lastKnownFileType = image.png; path = "RM_8@3x.png"; sourceTree = "<group>"; };
		6861A98A1F01162000A7687A /* RM_9@2x.png */ = {isa = PBXFileReference; lastKnownFileType = image.png; path = "RM_9@2x.png"; sourceTree = "<group>"; };
		6861A98B1F01162000A7687A /* RM_9@3x.png */ = {isa = PBXFileReference; lastKnownFileType = image.png; path = "RM_9@3x.png"; sourceTree = "<group>"; };
		6861A98E1F01162600A7687A /* RM_10@2x.png */ = {isa = PBXFileReference; lastKnownFileType = image.png; path = "RM_10@2x.png"; sourceTree = "<group>"; };
		6861A98F1F01162600A7687A /* RM_10@3x.png */ = {isa = PBXFileReference; lastKnownFileType = image.png; path = "RM_10@3x.png"; sourceTree = "<group>"; };
		6861A9921F01162D00A7687A /* RM_11@2x.png */ = {isa = PBXFileReference; lastKnownFileType = image.png; path = "RM_11@2x.png"; sourceTree = "<group>"; };
		6861A9931F01162D00A7687A /* RM_11@3x.png */ = {isa = PBXFileReference; lastKnownFileType = image.png; path = "RM_11@3x.png"; sourceTree = "<group>"; };
		6861A9961F01163600A7687A /* RM_13@2x.png */ = {isa = PBXFileReference; lastKnownFileType = image.png; path = "RM_13@2x.png"; sourceTree = "<group>"; };
		6861A9971F01163600A7687A /* RM_13@3x.png */ = {isa = PBXFileReference; lastKnownFileType = image.png; path = "RM_13@3x.png"; sourceTree = "<group>"; };
		6861A99A1F01163E00A7687A /* RM_14@2x.png */ = {isa = PBXFileReference; lastKnownFileType = image.png; path = "RM_14@2x.png"; sourceTree = "<group>"; };
		6861A99B1F01163E00A7687A /* RM_14@3x.png */ = {isa = PBXFileReference; lastKnownFileType = image.png; path = "RM_14@3x.png"; sourceTree = "<group>"; };
		6861A99E1F01164500A7687A /* RM_15@2x.png */ = {isa = PBXFileReference; lastKnownFileType = image.png; path = "RM_15@2x.png"; sourceTree = "<group>"; };
		6861A99F1F01164500A7687A /* RM_15@3x.png */ = {isa = PBXFileReference; lastKnownFileType = image.png; path = "RM_15@3x.png"; sourceTree = "<group>"; };
		6861A9A21F01164C00A7687A /* RM_16@2x.png */ = {isa = PBXFileReference; lastKnownFileType = image.png; path = "RM_16@2x.png"; sourceTree = "<group>"; };
		6861A9A31F01164C00A7687A /* RM_16@3x.png */ = {isa = PBXFileReference; lastKnownFileType = image.png; path = "RM_16@3x.png"; sourceTree = "<group>"; };
		6861A9A61F01165400A7687A /* RM_17@2x.png */ = {isa = PBXFileReference; lastKnownFileType = image.png; path = "RM_17@2x.png"; sourceTree = "<group>"; };
		6861A9A71F01165400A7687A /* RM_17@3x.png */ = {isa = PBXFileReference; lastKnownFileType = image.png; path = "RM_17@3x.png"; sourceTree = "<group>"; };
		6861A9AA1F01166100A7687A /* RM_18@2x.png */ = {isa = PBXFileReference; lastKnownFileType = image.png; path = "RM_18@2x.png"; sourceTree = "<group>"; };
		6861A9AB1F01166100A7687A /* RM_18@3x.png */ = {isa = PBXFileReference; lastKnownFileType = image.png; path = "RM_18@3x.png"; sourceTree = "<group>"; };
		6863E1681F0A114700FDB81A /* ViewSwift.swift */ = {isa = PBXFileReference; fileEncoding = 4; lastKnownFileType = sourcecode.swift; path = ViewSwift.swift; sourceTree = "<group>"; };
		6881D4851EFCB6CD003CA502 /* Home.storyboard */ = {isa = PBXFileReference; fileEncoding = 4; lastKnownFileType = file.storyboard; path = Home.storyboard; sourceTree = "<group>"; };
		6881D4871EFCB6E4003CA502 /* User.storyboard */ = {isa = PBXFileReference; fileEncoding = 4; lastKnownFileType = file.storyboard; path = User.storyboard; sourceTree = "<group>"; };
		6881D48B1EFCB88A003CA502 /* HomeViewController.swift */ = {isa = PBXFileReference; fileEncoding = 4; lastKnownFileType = sourcecode.swift; path = HomeViewController.swift; sourceTree = "<group>"; };
		6881D48D1EFCB8C7003CA502 /* UserViewController.swift */ = {isa = PBXFileReference; fileEncoding = 4; lastKnownFileType = sourcecode.swift; path = UserViewController.swift; sourceTree = "<group>"; };
		6881D4901EFCBB4B003CA502 /* MyNavigationController.swift */ = {isa = PBXFileReference; fileEncoding = 4; lastKnownFileType = sourcecode.swift; path = MyNavigationController.swift; sourceTree = "<group>"; };
		6881D4921EFCBB90003CA502 /* MyTabBarController.swift */ = {isa = PBXFileReference; fileEncoding = 4; lastKnownFileType = sourcecode.swift; path = MyTabBarController.swift; sourceTree = "<group>"; };
		6881D4951EFCBC31003CA502 /* ZHNBookShelfView.swift */ = {isa = PBXFileReference; fileEncoding = 4; lastKnownFileType = sourcecode.swift; path = ZHNBookShelfView.swift; sourceTree = "<group>"; };
		6881D4971EFCBC4A003CA502 /* ZHNLayout.swift */ = {isa = PBXFileReference; fileEncoding = 4; lastKnownFileType = sourcecode.swift; path = ZHNLayout.swift; sourceTree = "<group>"; };
		6881D4991EFCBC6B003CA502 /* ZHNBookShelfCell.swift */ = {isa = PBXFileReference; fileEncoding = 4; lastKnownFileType = sourcecode.swift; path = ZHNBookShelfCell.swift; sourceTree = "<group>"; };
		6881D49A1EFCBC6B003CA502 /* ZHNBookShelfCell.xib */ = {isa = PBXFileReference; fileEncoding = 4; lastKnownFileType = file.xib; path = ZHNBookShelfCell.xib; sourceTree = "<group>"; };
		6881D49D1EFCBDA2003CA502 /* 4Inchbookshelfback.png */ = {isa = PBXFileReference; lastKnownFileType = image.png; path = 4Inchbookshelfback.png; sourceTree = "<group>"; };
		6881D49E1EFCBDA2003CA502 /* 4_7Inchbookshelfback.png */ = {isa = PBXFileReference; lastKnownFileType = image.png; path = 4_7Inchbookshelfback.png; sourceTree = "<group>"; };
		6881D49F1EFCBDA2003CA502 /* 5_5Inchbookshelfback.png */ = {isa = PBXFileReference; lastKnownFileType = image.png; path = 5_5Inchbookshelfback.png; sourceTree = "<group>"; };
		6881D4A31EFCBDB3003CA502 /* 703s.jpg */ = {isa = PBXFileReference; lastKnownFileType = image.jpeg; path = 703s.jpg; sourceTree = "<group>"; };
		68A6C65E1EFAA7DB00BF971B /* ASValuePopUpView.h */ = {isa = PBXFileReference; fileEncoding = 4; lastKnownFileType = sourcecode.c.h; path = ASValuePopUpView.h; sourceTree = "<group>"; };
		68A6C65F1EFAA7DB00BF971B /* ASValuePopUpView.m */ = {isa = PBXFileReference; fileEncoding = 4; lastKnownFileType = sourcecode.c.objc; path = ASValuePopUpView.m; sourceTree = "<group>"; };
		68A6C6601EFAA7DB00BF971B /* ASValueTrackingSlider.h */ = {isa = PBXFileReference; fileEncoding = 4; lastKnownFileType = sourcecode.c.h; path = ASValueTrackingSlider.h; sourceTree = "<group>"; };
		68A6C6611EFAA7DB00BF971B /* ASValueTrackingSlider.m */ = {isa = PBXFileReference; fileEncoding = 4; lastKnownFileType = sourcecode.c.objc; path = ASValueTrackingSlider.m; sourceTree = "<group>"; };
		68A6C6631EFAA7DB00BF971B /* DZMCoverController.h */ = {isa = PBXFileReference; fileEncoding = 4; lastKnownFileType = sourcecode.c.h; path = DZMCoverController.h; sourceTree = "<group>"; };
		68A6C6641EFAA7DB00BF971B /* DZMCoverController.m */ = {isa = PBXFileReference; fileEncoding = 4; lastKnownFileType = sourcecode.c.objc; path = DZMCoverController.m; sourceTree = "<group>"; };
		68A6C6661EFAA7DB00BF971B /* UINavigationController+FDFullscreenPopGesture.h */ = {isa = PBXFileReference; fileEncoding = 4; lastKnownFileType = sourcecode.c.h; path = "UINavigationController+FDFullscreenPopGesture.h"; sourceTree = "<group>"; };
		68A6C6671EFAA7DB00BF971B /* UINavigationController+FDFullscreenPopGesture.m */ = {isa = PBXFileReference; fileEncoding = 4; lastKnownFileType = sourcecode.c.objc; path = "UINavigationController+FDFullscreenPopGesture.m"; sourceTree = "<group>"; };
		68A6C6691EFAA7DB00BF971B /* UIView+YGPulseView.h */ = {isa = PBXFileReference; fileEncoding = 4; lastKnownFileType = sourcecode.c.h; path = "UIView+YGPulseView.h"; sourceTree = "<group>"; };
		68A6C66A1EFAA7DB00BF971B /* UIView+YGPulseView.m */ = {isa = PBXFileReference; fileEncoding = 4; lastKnownFileType = sourcecode.c.objc; path = "UIView+YGPulseView.m"; sourceTree = "<group>"; };
		68A6C6C21EFAA8AF00BF971B /* Constant.swift */ = {isa = PBXFileReference; fileEncoding = 4; lastKnownFileType = sourcecode.swift; path = Constant.swift; sourceTree = "<group>"; };
		68A6C6C41EFAA93A00BF971B /* NovelFacade.swift */ = {isa = PBXFileReference; fileEncoding = 4; lastKnownFileType = sourcecode.swift; path = NovelFacade.swift; sourceTree = "<group>"; };
		68A6C6C61EFAA97800BF971B /* NovelWSHelper.swift */ = {isa = PBXFileReference; fileEncoding = 4; lastKnownFileType = sourcecode.swift; path = NovelWSHelper.swift; sourceTree = "<group>"; };
		68A6C6C81EFAA99D00BF971B /* CommonWSHelper.swift */ = {isa = PBXFileReference; fileEncoding = 4; lastKnownFileType = sourcecode.swift; path = CommonWSHelper.swift; sourceTree = "<group>"; };
		68A6C6CA1EFAA9BF00BF971B /* ServiceResponse.swift */ = {isa = PBXFileReference; fileEncoding = 4; lastKnownFileType = sourcecode.swift; path = ServiceResponse.swift; sourceTree = "<group>"; };
		68A6C6CC1EFAAA6300BF971B /* ServerResponse.swift */ = {isa = PBXFileReference; fileEncoding = 4; lastKnownFileType = sourcecode.swift; path = ServerResponse.swift; sourceTree = "<group>"; };
		68A6C6CE1EFAADBA00BF971B /* ErrorCode.swift */ = {isa = PBXFileReference; fileEncoding = 4; lastKnownFileType = sourcecode.swift; path = ErrorCode.swift; sourceTree = "<group>"; };
		68A6C6D01EFAAE8F00BF971B /* Common.swift */ = {isa = PBXFileReference; fileEncoding = 4; lastKnownFileType = sourcecode.swift; path = Common.swift; sourceTree = "<group>"; };
		68A6C6D21EFAB1B700BF971B /* Novel+CoreDataClass.swift */ = {isa = PBXFileReference; fileEncoding = 4; lastKnownFileType = sourcecode.swift; path = "Novel+CoreDataClass.swift"; sourceTree = "<group>"; };
		68A6C6D41EFAB24200BF971B /* Novel+CoreDataProperties.swift */ = {isa = PBXFileReference; fileEncoding = 4; lastKnownFileType = sourcecode.swift; path = "Novel+CoreDataProperties.swift"; sourceTree = "<group>"; };
		68A6C6D61EFAB61A00BF971B /* ServerNovel.swift */ = {isa = PBXFileReference; fileEncoding = 4; lastKnownFileType = sourcecode.swift; path = ServerNovel.swift; sourceTree = "<group>"; };
		68A6C6D81EFAB78400BF971B /* NovelManager.swift */ = {isa = PBXFileReference; fileEncoding = 4; lastKnownFileType = sourcecode.swift; path = NovelManager.swift; sourceTree = "<group>"; };
		68A6C6DA1EFAB82400BF971B /* CoreDataManager.swift */ = {isa = PBXFileReference; fileEncoding = 4; lastKnownFileType = sourcecode.swift; path = CoreDataManager.swift; sourceTree = "<group>"; };
		68B5A0791EFE0796009D4EAE /* Chapter+CoreDataClass.swift */ = {isa = PBXFileReference; fileEncoding = 4; lastKnownFileType = sourcecode.swift; path = "Chapter+CoreDataClass.swift"; sourceTree = "<group>"; };
		68B5A07B1EFE0821009D4EAE /* Chapter+CoreDataProperties.swift */ = {isa = PBXFileReference; fileEncoding = 4; lastKnownFileType = sourcecode.swift; path = "Chapter+CoreDataProperties.swift"; sourceTree = "<group>"; };
		68B5A07D1EFE08D2009D4EAE /* ChapterManager.swift */ = {isa = PBXFileReference; fileEncoding = 4; lastKnownFileType = sourcecode.swift; path = ChapterManager.swift; sourceTree = "<group>"; };
		68B5A07F1EFE096B009D4EAE /* ServerChapter.swift */ = {isa = PBXFileReference; fileEncoding = 4; lastKnownFileType = sourcecode.swift; path = ServerChapter.swift; sourceTree = "<group>"; };
		68B5A0811EFE0D4D009D4EAE /* ChapterFacade.swift */ = {isa = PBXFileReference; fileEncoding = 4; lastKnownFileType = sourcecode.swift; path = ChapterFacade.swift; sourceTree = "<group>"; };
		68B5A0831EFE0D6E009D4EAE /* ChapterWSHelper.swift */ = {isa = PBXFileReference; fileEncoding = 4; lastKnownFileType = sourcecode.swift; path = ChapterWSHelper.swift; sourceTree = "<group>"; };
		68B5A0911EFE5A5D009D4EAE /* ZHNReadController.swift */ = {isa = PBXFileReference; fileEncoding = 4; lastKnownFileType = sourcecode.swift; path = ZHNReadController.swift; sourceTree = "<group>"; };
		68B5A0931EFE78CA009D4EAE /* ZHNBaseViewController.swift */ = {isa = PBXFileReference; fileEncoding = 4; lastKnownFileType = sourcecode.swift; path = ZHNBaseViewController.swift; sourceTree = "<group>"; };
		68B5A0961EFE7904009D4EAE /* ZHNReadConfigure.swift */ = {isa = PBXFileReference; fileEncoding = 4; lastKnownFileType = sourcecode.swift; path = ZHNReadConfigure.swift; sourceTree = "<group>"; };
		68B5A0981EFE7941009D4EAE /* ZHNGlobalProperty.swift */ = {isa = PBXFileReference; fileEncoding = 4; lastKnownFileType = sourcecode.swift; path = ZHNGlobalProperty.swift; sourceTree = "<group>"; };
		68B5A09A1EFE798F009D4EAE /* ZHNGlobalMethod.swift */ = {isa = PBXFileReference; fileEncoding = 4; lastKnownFileType = sourcecode.swift; path = ZHNGlobalMethod.swift; sourceTree = "<group>"; };
		68B5A09C1EFE79FC009D4EAE /* String+Extension.swift */ = {isa = PBXFileReference; fileEncoding = 4; lastKnownFileType = sourcecode.swift; path = "String+Extension.swift"; sourceTree = "<group>"; };
		68B5A0A11EFE7BBC009D4EAE /* ZHNReadEnum.swift */ = {isa = PBXFileReference; fileEncoding = 4; lastKnownFileType = sourcecode.swift; path = ZHNReadEnum.swift; sourceTree = "<group>"; };
		68B5A0A31EFE7CC2009D4EAE /* ZHNReadUserDefaults.swift */ = {isa = PBXFileReference; fileEncoding = 4; lastKnownFileType = sourcecode.swift; path = ZHNReadUserDefaults.swift; sourceTree = "<group>"; };
		68B5A0A51EFE7E93009D4EAE /* NSObject+Extension.swift */ = {isa = PBXFileReference; fileEncoding = 4; lastKnownFileType = sourcecode.swift; path = "NSObject+Extension.swift"; sourceTree = "<group>"; };
		68B5A0A81EFE82BB009D4EAE /* read_bg_0@2x.png */ = {isa = PBXFileReference; lastKnownFileType = image.png; path = "read_bg_0@2x.png"; sourceTree = "<group>"; };
		68B5A0A91EFE82BB009D4EAE /* read_bg_0@3x.png */ = {isa = PBXFileReference; lastKnownFileType = image.png; path = "read_bg_0@3x.png"; sourceTree = "<group>"; };
		68B5A0AC1EFE856A009D4EAE /* ZHNReadOperation.swift */ = {isa = PBXFileReference; fileEncoding = 4; lastKnownFileType = sourcecode.swift; path = ZHNReadOperation.swift; sourceTree = "<group>"; };
		68B5A0AE1EFE86CE009D4EAE /* ZHNReadViewController.swift */ = {isa = PBXFileReference; fileEncoding = 4; lastKnownFileType = sourcecode.swift; path = ZHNReadViewController.swift; sourceTree = "<group>"; };
		68B5A0B01EFE9500009D4EAE /* ZHNReadViewCell.swift */ = {isa = PBXFileReference; fileEncoding = 4; lastKnownFileType = sourcecode.swift; path = ZHNReadViewCell.swift; sourceTree = "<group>"; };
		68B5A0B21EFE951B009D4EAE /* ZHNReadView.swift */ = {isa = PBXFileReference; fileEncoding = 4; lastKnownFileType = sourcecode.swift; path = ZHNReadView.swift; sourceTree = "<group>"; };
		68B5A0B41EFE95C2009D4EAE /* ZHNReadParser.swift */ = {isa = PBXFileReference; fileEncoding = 4; lastKnownFileType = sourcecode.swift; path = ZHNReadParser.swift; sourceTree = "<group>"; };
		68B5A0B61EFE969F009D4EAE /* ZHNReadViewUDCell.swift */ = {isa = PBXFileReference; fileEncoding = 4; lastKnownFileType = sourcecode.swift; path = ZHNReadViewUDCell.swift; sourceTree = "<group>"; };
		68B5A0B81EFE9887009D4EAE /* Content+CoreDataClass.swift */ = {isa = PBXFileReference; fileEncoding = 4; lastKnownFileType = sourcecode.swift; path = "Content+CoreDataClass.swift"; sourceTree = "<group>"; };
		68B5A0BA1EFE98E8009D4EAE /* Content+CoreDataProperties.swift */ = {isa = PBXFileReference; fileEncoding = 4; lastKnownFileType = sourcecode.swift; path = "Content+CoreDataProperties.swift"; sourceTree = "<group>"; };
		68B5A0BC1EFE9940009D4EAE /* ServerContent.swift */ = {isa = PBXFileReference; fileEncoding = 4; lastKnownFileType = sourcecode.swift; path = ServerContent.swift; sourceTree = "<group>"; };
		68B5A0BE1EFEA840009D4EAE /* ZHNReadRecordModel.swift */ = {isa = PBXFileReference; fileEncoding = 4; lastKnownFileType = sourcecode.swift; path = ZHNReadRecordModel.swift; sourceTree = "<group>"; };
		68B5A0C01EFEAEE1009D4EAE /* ContentWSHelper.swift */ = {isa = PBXFileReference; fileEncoding = 4; lastKnownFileType = sourcecode.swift; path = ContentWSHelper.swift; sourceTree = "<group>"; };
		68B5A0C21EFEB23D009D4EAE /* ContentFacade.swift */ = {isa = PBXFileReference; fileEncoding = 4; lastKnownFileType = sourcecode.swift; path = ContentFacade.swift; sourceTree = "<group>"; };
		68B5A0C41EFEB2F3009D4EAE /* ContentManager.swift */ = {isa = PBXFileReference; fileEncoding = 4; lastKnownFileType = sourcecode.swift; path = ContentManager.swift; sourceTree = "<group>"; };
		68E88DED1EF809FE00921015 /* Reader-Bridging-Header.h */ = {isa = PBXFileReference; lastKnownFileType = sourcecode.c.h; path = "Reader-Bridging-Header.h"; sourceTree = "<group>"; };
		68F4D84D1EF7FCBB004B39DB /* Reader.app */ = {isa = PBXFileReference; explicitFileType = wrapper.application; includeInIndex = 0; path = Reader.app; sourceTree = BUILT_PRODUCTS_DIR; };
		68F4D8501EF7FCBB004B39DB /* AppDelegate.swift */ = {isa = PBXFileReference; lastKnownFileType = sourcecode.swift; path = AppDelegate.swift; sourceTree = "<group>"; };
		68F4D8521EF7FCBB004B39DB /* ViewController.swift */ = {isa = PBXFileReference; lastKnownFileType = sourcecode.swift; path = ViewController.swift; sourceTree = "<group>"; };
		68F4D8551EF7FCBB004B39DB /* Base */ = {isa = PBXFileReference; lastKnownFileType = file.storyboard; name = Base; path = Base.lproj/Main.storyboard; sourceTree = "<group>"; };
		68F4D8581EF7FCBB004B39DB /* Reader.xcdatamodel */ = {isa = PBXFileReference; lastKnownFileType = wrapper.xcdatamodel; path = Reader.xcdatamodel; sourceTree = "<group>"; };
		68F4D85A1EF7FCBB004B39DB /* Assets.xcassets */ = {isa = PBXFileReference; lastKnownFileType = folder.assetcatalog; path = Assets.xcassets; sourceTree = "<group>"; };
		68F4D85D1EF7FCBB004B39DB /* Base */ = {isa = PBXFileReference; lastKnownFileType = file.storyboard; name = Base; path = Base.lproj/LaunchScreen.storyboard; sourceTree = "<group>"; };
		68F4D85F1EF7FCBB004B39DB /* Info.plist */ = {isa = PBXFileReference; lastKnownFileType = text.plist.xml; path = Info.plist; sourceTree = "<group>"; };
		CBC8011892197DA78464EEA9 /* Pods-Reader.release.xcconfig */ = {isa = PBXFileReference; includeInIndex = 1; lastKnownFileType = text.xcconfig; name = "Pods-Reader.release.xcconfig"; path = "Pods/Target Support Files/Pods-Reader/Pods-Reader.release.xcconfig"; sourceTree = "<group>"; };
		CCB43FD6337481CDE00ADAFC /* Pods_Reader.framework */ = {isa = PBXFileReference; explicitFileType = wrapper.framework; includeInIndex = 0; path = Pods_Reader.framework; sourceTree = BUILT_PRODUCTS_DIR; };
/* End PBXFileReference section */

/* Begin PBXFrameworksBuildPhase section */
		68F4D84A1EF7FCBB004B39DB /* Frameworks */ = {
			isa = PBXFrameworksBuildPhase;
			buildActionMask = 2147483647;
			files = (
				FA268755716D16A20A9AD89A /* Pods_Reader.framework in Frameworks */,
			);
			runOnlyForDeploymentPostprocessing = 0;
		};
/* End PBXFrameworksBuildPhase section */

/* Begin PBXGroup section */
		264D93E3D232B35A7674955D /* Frameworks */ = {
			isa = PBXGroup;
			children = (
				CCB43FD6337481CDE00ADAFC /* Pods_Reader.framework */,
			);
			name = Frameworks;
			sourceTree = "<group>";
		};
		685C05AF1F02019D00BEB1F4 /* SettingView */ = {
			isa = PBXGroup;
			children = (
				685C05B21F0201E700BEB1F4 /* ZHNColorView.swift */,
				685C05B61F0202EE00BEB1F4 /* ZHNFuncView.swift */,
				685C05B81F02041D00BEB1F4 /* ZHNSettingView.swift */,
			);
			path = SettingView;
			sourceTree = "<group>";
		};
		6861A9491F00FF9A00A7687A /* Other */ = {
			isa = PBXGroup;
			children = (
				6861A94A1F00FFA200A7687A /* DZMSegmentedControl.swift */,
				685C05B41F02025A00BEB1F4 /* ZHNHaloButton.swift */,
			);
			path = Other;
			sourceTree = "<group>";
		};
		6881D4831EFCB5ED003CA502 /* User Interface */ = {
			isa = PBXGroup;
			children = (
				68F4D8541EF7FCBB004B39DB /* Main.storyboard */,
				6881D4851EFCB6CD003CA502 /* Home.storyboard */,
				6881D4871EFCB6E4003CA502 /* User.storyboard */,
			);
			name = "User Interface";
			path = ..;
			sourceTree = "<group>";
		};
		6881D4891EFCB877003CA502 /* Home */ = {
			isa = PBXGroup;
			children = (
				6881D48B1EFCB88A003CA502 /* HomeViewController.swift */,
			);
			path = Home;
			sourceTree = "<group>";
		};
		6881D48A1EFCB877003CA502 /* User */ = {
			isa = PBXGroup;
			children = (
				6881D48D1EFCB8C7003CA502 /* UserViewController.swift */,
				6825AACA1EFD483000A0F73F /* InfoModel.swift */,
			);
			path = User;
			sourceTree = "<group>";
		};
		6881D48F1EFCBB2A003CA502 /* Common */ = {
			isa = PBXGroup;
			children = (
				6881D4901EFCBB4B003CA502 /* MyNavigationController.swift */,
				6881D4921EFCBB90003CA502 /* MyTabBarController.swift */,
			);
			path = Common;
			sourceTree = "<group>";
		};
		6881D4941EFCBC1B003CA502 /* ZHNBookShelf */ = {
			isa = PBXGroup;
			children = (
				6881D4A31EFCBDB3003CA502 /* 703s.jpg */,
				6881D49D1EFCBDA2003CA502 /* 4Inchbookshelfback.png */,
				6881D49E1EFCBDA2003CA502 /* 4_7Inchbookshelfback.png */,
				6881D49F1EFCBDA2003CA502 /* 5_5Inchbookshelfback.png */,
				6881D4951EFCBC31003CA502 /* ZHNBookShelfView.swift */,
				6881D4971EFCBC4A003CA502 /* ZHNLayout.swift */,
				6881D4991EFCBC6B003CA502 /* ZHNBookShelfCell.swift */,
				6881D49A1EFCBC6B003CA502 /* ZHNBookShelfCell.xib */,
				6863E1681F0A114700FDB81A /* ViewSwift.swift */,
			);
			path = ZHNBookShelf;
			sourceTree = "<group>";
		};
		68A6C6551EFAA77600BF971B /* Common */ = {
			isa = PBXGroup;
			children = (
				68A6C6C21EFAA8AF00BF971B /* Constant.swift */,
				68A6C6CE1EFAADBA00BF971B /* ErrorCode.swift */,
				68A6C6D01EFAAE8F00BF971B /* Common.swift */,
			);
			path = Common;
			sourceTree = "<group>";
		};
		68A6C6561EFAA77600BF971B /* Controller */ = {
			isa = PBXGroup;
			children = (
				6881D48F1EFCBB2A003CA502 /* Common */,
				6881D4891EFCB877003CA502 /* Home */,
				6881D48A1EFCB877003CA502 /* User */,
			);
			path = Controller;
			sourceTree = "<group>";
		};
		68A6C6571EFAA77600BF971B /* CoreData */ = {
			isa = PBXGroup;
			children = (
				68A6C6DA1EFAB82400BF971B /* CoreDataManager.swift */,
				68A6C6D21EFAB1B700BF971B /* Novel+CoreDataClass.swift */,
				68A6C6D41EFAB24200BF971B /* Novel+CoreDataProperties.swift */,
				68B5A0791EFE0796009D4EAE /* Chapter+CoreDataClass.swift */,
				68B5A07B1EFE0821009D4EAE /* Chapter+CoreDataProperties.swift */,
				68B5A0B81EFE9887009D4EAE /* Content+CoreDataClass.swift */,
				68B5A0BA1EFE98E8009D4EAE /* Content+CoreDataProperties.swift */,
				68571B311F03573600D1F7C1 /* Record+CoreDataClass.swift */,
				68571B331F03577E00D1F7C1 /* Record+CoreDataProperties.swift */,
			);
			path = CoreData;
			sourceTree = "<group>";
		};
		68A6C6581EFAA77600BF971B /* DataAccess */ = {
			isa = PBXGroup;
			children = (
				68A6C6D81EFAB78400BF971B /* NovelManager.swift */,
				68B5A07D1EFE08D2009D4EAE /* ChapterManager.swift */,
				68B5A0C41EFEB2F3009D4EAE /* ContentManager.swift */,
				68571B351F0358F400D1F7C1 /* RecordManager.swift */,
			);
			path = DataAccess;
			sourceTree = "<group>";
		};
		68A6C6591EFAA77600BF971B /* Facade */ = {
			isa = PBXGroup;
			children = (
				68A6C6C41EFAA93A00BF971B /* NovelFacade.swift */,
				68B5A0811EFE0D4D009D4EAE /* ChapterFacade.swift */,
				68B5A0C21EFEB23D009D4EAE /* ContentFacade.swift */,
			);
			path = Facade;
			sourceTree = "<group>";
		};
		68A6C65A1EFAA77600BF971B /* ServerEntity */ = {
			isa = PBXGroup;
			children = (
				68A6C6CA1EFAA9BF00BF971B /* ServiceResponse.swift */,
				68A6C6CC1EFAAA6300BF971B /* ServerResponse.swift */,
				68A6C6D61EFAB61A00BF971B /* ServerNovel.swift */,
				68B5A07F1EFE096B009D4EAE /* ServerChapter.swift */,
				68B5A0BC1EFE9940009D4EAE /* ServerContent.swift */,
				68571B371F03598500D1F7C1 /* ServerRecord.swift */,
			);
			path = ServerEntity;
			sourceTree = "<group>";
		};
		68A6C65B1EFAA77600BF971B /* Webservice */ = {
			isa = PBXGroup;
			children = (
				68A6C6C81EFAA99D00BF971B /* CommonWSHelper.swift */,
				68A6C6C61EFAA97800BF971B /* NovelWSHelper.swift */,
				68B5A0831EFE0D6E009D4EAE /* ChapterWSHelper.swift */,
				68B5A0C01EFEAEE1009D4EAE /* ContentWSHelper.swift */,
			);
			path = Webservice;
			sourceTree = "<group>";
		};
		68A6C65C1EFAA7DB00BF971B /* Component */ = {
			isa = PBXGroup;
			children = (
				68B5A0851EFE4E56009D4EAE /* ZHNReader */,
				6881D4941EFCBC1B003CA502 /* ZHNBookShelf */,
				68A6C65D1EFAA7DB00BF971B /* ASValueTrackingSlider */,
				68A6C6621EFAA7DB00BF971B /* DZMCoverController */,
				68A6C6651EFAA7DB00BF971B /* FDFullscreenPopGesture */,
				68A6C6681EFAA7DB00BF971B /* YGPulseView */,
			);
			path = Component;
			sourceTree = "<group>";
		};
		68A6C65D1EFAA7DB00BF971B /* ASValueTrackingSlider */ = {
			isa = PBXGroup;
			children = (
				68A6C65E1EFAA7DB00BF971B /* ASValuePopUpView.h */,
				68A6C65F1EFAA7DB00BF971B /* ASValuePopUpView.m */,
				68A6C6601EFAA7DB00BF971B /* ASValueTrackingSlider.h */,
				68A6C6611EFAA7DB00BF971B /* ASValueTrackingSlider.m */,
			);
			path = ASValueTrackingSlider;
			sourceTree = "<group>";
		};
		68A6C6621EFAA7DB00BF971B /* DZMCoverController */ = {
			isa = PBXGroup;
			children = (
				68A6C6631EFAA7DB00BF971B /* DZMCoverController.h */,
				68A6C6641EFAA7DB00BF971B /* DZMCoverController.m */,
			);
			path = DZMCoverController;
			sourceTree = "<group>";
		};
		68A6C6651EFAA7DB00BF971B /* FDFullscreenPopGesture */ = {
			isa = PBXGroup;
			children = (
				68A6C6661EFAA7DB00BF971B /* UINavigationController+FDFullscreenPopGesture.h */,
				68A6C6671EFAA7DB00BF971B /* UINavigationController+FDFullscreenPopGesture.m */,
			);
			path = FDFullscreenPopGesture;
			sourceTree = "<group>";
		};
		68A6C6681EFAA7DB00BF971B /* YGPulseView */ = {
			isa = PBXGroup;
			children = (
				68A6C6691EFAA7DB00BF971B /* UIView+YGPulseView.h */,
				68A6C66A1EFAA7DB00BF971B /* UIView+YGPulseView.m */,
			);
			path = YGPulseView;
			sourceTree = "<group>";
		};
		68B5A0851EFE4E56009D4EAE /* ZHNReader */ = {
			isa = PBXGroup;
			children = (
				6861A9491F00FF9A00A7687A /* Other */,
				68B5A0A71EFE82A2009D4EAE /* Resource */,
				68B5A0A01EFE7B8E009D4EAE /* Enum */,
				68B5A0951EFE78EA009D4EAE /* Manager */,
				68B5A0861EFE4E56009D4EAE /* Base */,
				68B5A0871EFE4E56009D4EAE /* Controller */,
				68B5A0881EFE4E56009D4EAE /* Custom */,
				68B5A0891EFE4E56009D4EAE /* Exten */,
				68B5A08A1EFE4E56009D4EAE /* Global */,
				68B5A08B1EFE4E56009D4EAE /* MenuUI */,
				68B5A08C1EFE4E56009D4EAE /* Model */,
				68B5A08E1EFE4E56009D4EAE /* View */,
			);
			path = ZHNReader;
			sourceTree = "<group>";
		};
		68B5A0861EFE4E56009D4EAE /* Base */ = {
			isa = PBXGroup;
			children = (
				68B5A0931EFE78CA009D4EAE /* ZHNBaseViewController.swift */,
			);
			path = Base;
			sourceTree = "<group>";
		};
		68B5A0871EFE4E56009D4EAE /* Controller */ = {
			isa = PBXGroup;
			children = (
				68B5A0911EFE5A5D009D4EAE /* ZHNReadController.swift */,
				68B5A0AE1EFE86CE009D4EAE /* ZHNReadViewController.swift */,
			);
			path = Controller;
			sourceTree = "<group>";
		};
		68B5A0881EFE4E56009D4EAE /* Custom */ = {
			isa = PBXGroup;
			children = (
				68B5A0A31EFE7CC2009D4EAE /* ZHNReadUserDefaults.swift */,
				68B5A0B41EFE95C2009D4EAE /* ZHNReadParser.swift */,
			);
			path = Custom;
			sourceTree = "<group>";
		};
		68B5A0891EFE4E56009D4EAE /* Exten */ = {
			isa = PBXGroup;
			children = (
				68B5A09C1EFE79FC009D4EAE /* String+Extension.swift */,
				68B5A0A51EFE7E93009D4EAE /* NSObject+Extension.swift */,
				6861A94C1F00FFE300A7687A /* UIView+Extension.swift */,
			);
			path = Exten;
			sourceTree = "<group>";
		};
		68B5A08A1EFE4E56009D4EAE /* Global */ = {
			isa = PBXGroup;
			children = (
				68B5A0981EFE7941009D4EAE /* ZHNGlobalProperty.swift */,
				68B5A09A1EFE798F009D4EAE /* ZHNGlobalMethod.swift */,
			);
			path = Global;
			sourceTree = "<group>";
		};
		68B5A08B1EFE4E56009D4EAE /* MenuUI */ = {
			isa = PBXGroup;
			children = (
				685C05AF1F02019D00BEB1F4 /* SettingView */,
				685C05A71F0200ED00BEB1F4 /* ZHNBottomView.swift */,
				685C05A81F0200ED00BEB1F4 /* ZHNReadMenu.swift */,
				685C05AB1F02015D00BEB1F4 /* ZHNBaseView.swift */,
				685C05AC1F02015D00BEB1F4 /* ZHNLeftView.swift */,
				684B746F1F013E1B009EF889 /* ZHNTopView.swift */,
				685C05A11F01E65600BEB1F4 /* ZHNLightView.swift */,
				685C05A31F01FCD800BEB1F4 /* ZHNStatusView.swift */,
				685C05A51F01FD0D00BEB1F4 /* ZHNBatteryView.swift */,
			);
			path = MenuUI;
			sourceTree = "<group>";
		};
		68B5A08C1EFE4E56009D4EAE /* Model */ = {
			isa = PBXGroup;
			children = (
				68B5A0BE1EFEA840009D4EAE /* ZHNReadRecordModel.swift */,
			);
			path = Model;
			sourceTree = "<group>";
		};
		68B5A08E1EFE4E56009D4EAE /* View */ = {
			isa = PBXGroup;
			children = (
				68B5A0B01EFE9500009D4EAE /* ZHNReadViewCell.swift */,
				68B5A0B21EFE951B009D4EAE /* ZHNReadView.swift */,
				68B5A0B61EFE969F009D4EAE /* ZHNReadViewUDCell.swift */,
			);
			path = View;
			sourceTree = "<group>";
		};
		68B5A0951EFE78EA009D4EAE /* Manager */ = {
			isa = PBXGroup;
			children = (
				68B5A0961EFE7904009D4EAE /* ZHNReadConfigure.swift */,
				68B5A0AC1EFE856A009D4EAE /* ZHNReadOperation.swift */,
			);
			path = Manager;
			sourceTree = "<group>";
		};
		68B5A0A01EFE7B8E009D4EAE /* Enum */ = {
			isa = PBXGroup;
			children = (
				68B5A0A11EFE7BBC009D4EAE /* ZHNReadEnum.swift */,
			);
			path = Enum;
			sourceTree = "<group>";
		};
		68B5A0A71EFE82A2009D4EAE /* Resource */ = {
			isa = PBXGroup;
			children = (
				6861A9AA1F01166100A7687A /* RM_18@2x.png */,
				6861A9AB1F01166100A7687A /* RM_18@3x.png */,
				6861A9A61F01165400A7687A /* RM_17@2x.png */,
				6861A9A71F01165400A7687A /* RM_17@3x.png */,
				6861A9A21F01164C00A7687A /* RM_16@2x.png */,
				6861A9A31F01164C00A7687A /* RM_16@3x.png */,
				6861A99E1F01164500A7687A /* RM_15@2x.png */,
				6861A99F1F01164500A7687A /* RM_15@3x.png */,
				6861A99A1F01163E00A7687A /* RM_14@2x.png */,
				6861A99B1F01163E00A7687A /* RM_14@3x.png */,
				6861A9961F01163600A7687A /* RM_13@2x.png */,
				6861A9971F01163600A7687A /* RM_13@3x.png */,
				6861A9921F01162D00A7687A /* RM_11@2x.png */,
				6861A9931F01162D00A7687A /* RM_11@3x.png */,
				6861A98E1F01162600A7687A /* RM_10@2x.png */,
				6861A98F1F01162600A7687A /* RM_10@3x.png */,
				6861A98A1F01162000A7687A /* RM_9@2x.png */,
				6861A98B1F01162000A7687A /* RM_9@3x.png */,
				6861A9861F01161900A7687A /* RM_8@2x.png */,
				6861A9871F01161900A7687A /* RM_8@3x.png */,
				6861A9821F01161100A7687A /* RM_7@2x.png */,
				6861A9831F01161100A7687A /* RM_7@3x.png */,
				6861A97E1F01160900A7687A /* RM_6@2x.png */,
				6861A97F1F01160900A7687A /* RM_6@3x.png */,
				6861A97A1F01160000A7687A /* RM_5@2x.png */,
				6861A97B1F01160000A7687A /* RM_5@3x.png */,
				6861A9761F0115F700A7687A /* RM_4@2x.png */,
				6861A9771F0115F700A7687A /* RM_4@3x.png */,
				6861A9721F0115F000A7687A /* RM_3@2x.png */,
				6861A9731F0115F000A7687A /* RM_3@3x.png */,
				6861A96E1F0115E900A7687A /* RM_2@2x.png */,
				6861A96F1F0115E900A7687A /* RM_2@3x.png */,
				6861A96A1F0115DD00A7687A /* RM_1@2x.png */,
				6861A96B1F0115DD00A7687A /* RM_1@3x.png */,
				6861A9661F0115D600A7687A /* RM_0@2x.png */,
				6861A9671F0115D600A7687A /* RM_0@3x.png */,
				6861A9621F0115CE00A7687A /* read_bar_3@2x.png */,
				6861A9631F0115CE00A7687A /* read_bar_3@3x.png */,
				6861A95E1F0115C500A7687A /* read_bar_2@2x.png */,
				6861A95F1F0115C500A7687A /* read_bar_2@3x.png */,
				6861A95A1F0115BC00A7687A /* read_bar_1@2x.png */,
				6861A95B1F0115BC00A7687A /* read_bar_1@3x.png */,
				6861A9561F0115B500A7687A /* read_bar_0@2x.png */,
				6861A9571F0115B500A7687A /* read_bar_0@3x.png */,
				6861A9521F0115A700A7687A /* G_Battery_Black@2x.png */,
				6861A9531F0115A700A7687A /* G_Battery_Black@3x.png */,
				68B5A0A81EFE82BB009D4EAE /* read_bg_0@2x.png */,
				68B5A0A91EFE82BB009D4EAE /* read_bg_0@3x.png */,
			);
			path = Resource;
			sourceTree = "<group>";
		};
		68E88DD91EF803D000921015 /* Coding */ = {
			isa = PBXGroup;
			children = (
				68A6C65C1EFAA7DB00BF971B /* Component */,
				68A6C6551EFAA77600BF971B /* Common */,
				68A6C6561EFAA77600BF971B /* Controller */,
				68A6C6571EFAA77600BF971B /* CoreData */,
				68A6C6581EFAA77600BF971B /* DataAccess */,
				68A6C6591EFAA77600BF971B /* Facade */,
				68A6C65A1EFAA77600BF971B /* ServerEntity */,
				68A6C65B1EFAA77600BF971B /* Webservice */,
				6881D4831EFCB5ED003CA502 /* User Interface */,
			);
			path = Coding;
			sourceTree = "<group>";
		};
		68E88DDB1EF803D600921015 /* Supporting Files */ = {
			isa = PBXGroup;
			children = (
				680BAD461EF95C920052FA11 /* 求魔.txt */,
				68F4D8501EF7FCBB004B39DB /* AppDelegate.swift */,
				68F4D8521EF7FCBB004B39DB /* ViewController.swift */,
				68F4D85A1EF7FCBB004B39DB /* Assets.xcassets */,
				68F4D85C1EF7FCBB004B39DB /* LaunchScreen.storyboard */,
				68F4D85F1EF7FCBB004B39DB /* Info.plist */,
				68F4D8571EF7FCBB004B39DB /* Reader.xcdatamodeld */,
				68E88DED1EF809FE00921015 /* Reader-Bridging-Header.h */,
			);
			name = "Supporting Files";
			sourceTree = "<group>";
		};
		68F4D8441EF7FCBB004B39DB = {
			isa = PBXGroup;
			children = (
				68F4D84F1EF7FCBB004B39DB /* Reader */,
				68F4D84E1EF7FCBB004B39DB /* Products */,
				7F3F0DA352FCEF5B42EB1008 /* Pods */,
				264D93E3D232B35A7674955D /* Frameworks */,
			);
			sourceTree = "<group>";
		};
		68F4D84E1EF7FCBB004B39DB /* Products */ = {
			isa = PBXGroup;
			children = (
				68F4D84D1EF7FCBB004B39DB /* Reader.app */,
			);
			name = Products;
			sourceTree = "<group>";
		};
		68F4D84F1EF7FCBB004B39DB /* Reader */ = {
			isa = PBXGroup;
			children = (
				68E88DD91EF803D000921015 /* Coding */,
				68E88DDB1EF803D600921015 /* Supporting Files */,
			);
			path = Reader;
			sourceTree = "<group>";
		};
		7F3F0DA352FCEF5B42EB1008 /* Pods */ = {
			isa = PBXGroup;
			children = (
				3BED83C7077D86B773E450C8 /* Pods-Reader.debug.xcconfig */,
				CBC8011892197DA78464EEA9 /* Pods-Reader.release.xcconfig */,
			);
			name = Pods;
			sourceTree = "<group>";
		};
/* End PBXGroup section */

/* Begin PBXNativeTarget section */
		68F4D84C1EF7FCBB004B39DB /* Reader */ = {
			isa = PBXNativeTarget;
			buildConfigurationList = 68F4D8621EF7FCBB004B39DB /* Build configuration list for PBXNativeTarget "Reader" */;
			buildPhases = (
				E53EE54F9E06ABF2707D246B /* [CP] Check Pods Manifest.lock */,
				68F4D8491EF7FCBB004B39DB /* Sources */,
				68F4D84A1EF7FCBB004B39DB /* Frameworks */,
				68F4D84B1EF7FCBB004B39DB /* Resources */,
				34418CB964E198448A723845 /* [CP] Embed Pods Frameworks */,
				09F020D5A3DAD265235CC8D6 /* [CP] Copy Pods Resources */,
			);
			buildRules = (
			);
			dependencies = (
			);
			name = Reader;
			productName = Reader;
			productReference = 68F4D84D1EF7FCBB004B39DB /* Reader.app */;
			productType = "com.apple.product-type.application";
		};
/* End PBXNativeTarget section */

/* Begin PBXProject section */
		68F4D8451EF7FCBB004B39DB /* Project object */ = {
			isa = PBXProject;
			attributes = {
				LastSwiftUpdateCheck = 0830;
				LastUpgradeCheck = 0830;
				ORGANIZATIONNAME = "枫韵海";
				TargetAttributes = {
					68F4D84C1EF7FCBB004B39DB = {
						CreatedOnToolsVersion = 8.3.2;
						DevelopmentTeam = 85PMH535HR;
						LastSwiftMigration = 0830;
						ProvisioningStyle = Automatic;
					};
				};
			};
			buildConfigurationList = 68F4D8481EF7FCBB004B39DB /* Build configuration list for PBXProject "Reader" */;
			compatibilityVersion = "Xcode 3.2";
			developmentRegion = English;
			hasScannedForEncodings = 0;
			knownRegions = (
				en,
				Base,
			);
			mainGroup = 68F4D8441EF7FCBB004B39DB;
			productRefGroup = 68F4D84E1EF7FCBB004B39DB /* Products */;
			projectDirPath = "";
			projectRoot = "";
			targets = (
				68F4D84C1EF7FCBB004B39DB /* Reader */,
			);
		};
/* End PBXProject section */

/* Begin PBXResourcesBuildPhase section */
		68F4D84B1EF7FCBB004B39DB /* Resources */ = {
			isa = PBXResourcesBuildPhase;
			buildActionMask = 2147483647;
			files = (
				6861A9541F0115A700A7687A /* G_Battery_Black@2x.png in Resources */,
				6861A9891F01161900A7687A /* RM_8@3x.png in Resources */,
				6861A97D1F01160000A7687A /* RM_5@3x.png in Resources */,
				6861A9991F01163600A7687A /* RM_13@3x.png in Resources */,
				6861A98C1F01162000A7687A /* RM_9@2x.png in Resources */,
				6861A9811F01160900A7687A /* RM_6@3x.png in Resources */,
				6861A9611F0115C500A7687A /* read_bar_2@3x.png in Resources */,
				6861A96D1F0115DD00A7687A /* RM_1@3x.png in Resources */,
				684F04601F0B571500C712F6 /* LaunchScreen.storyboard in Resources */,
				6861A9691F0115D600A7687A /* RM_0@3x.png in Resources */,
				6861A95C1F0115BC00A7687A /* read_bar_1@2x.png in Resources */,
				6881D4A11EFCBDA2003CA502 /* 4_7Inchbookshelfback.png in Resources */,
				6861A99C1F01163E00A7687A /* RM_14@2x.png in Resources */,
				6861A9A81F01165400A7687A /* RM_17@2x.png in Resources */,
				6861A9581F0115B500A7687A /* read_bar_0@2x.png in Resources */,
				6861A9601F0115C500A7687A /* read_bar_2@2x.png in Resources */,
				6861A9591F0115B500A7687A /* read_bar_0@3x.png in Resources */,
				6861A9901F01162600A7687A /* RM_10@2x.png in Resources */,
				6861A9641F0115CE00A7687A /* read_bar_3@2x.png in Resources */,
				6861A9841F01161100A7687A /* RM_7@2x.png in Resources */,
				6861A9981F01163600A7687A /* RM_13@2x.png in Resources */,
				6861A97C1F01160000A7687A /* RM_5@2x.png in Resources */,
				6861A9A01F01164500A7687A /* RM_15@2x.png in Resources */,
				6861A9A41F01164C00A7687A /* RM_16@2x.png in Resources */,
				6861A9A91F01165400A7687A /* RM_17@3x.png in Resources */,
				6861A9851F01161100A7687A /* RM_7@3x.png in Resources */,
				6861A99D1F01163E00A7687A /* RM_14@3x.png in Resources */,
				6861A9681F0115D600A7687A /* RM_0@2x.png in Resources */,
				6861A9551F0115A800A7687A /* G_Battery_Black@3x.png in Resources */,
				6861A9781F0115F700A7687A /* RM_4@2x.png in Resources */,
				6861A9881F01161900A7687A /* RM_8@2x.png in Resources */,
				6881D4A21EFCBDA2003CA502 /* 5_5Inchbookshelfback.png in Resources */,
				6861A9941F01162D00A7687A /* RM_11@2x.png in Resources */,
				6861A9801F01160900A7687A /* RM_6@2x.png in Resources */,
				6861A9AD1F01166100A7687A /* RM_18@3x.png in Resources */,
				6881D4861EFCB6CE003CA502 /* Home.storyboard in Resources */,
				6861A96C1F0115DD00A7687A /* RM_1@2x.png in Resources */,
				68F4D85B1EF7FCBB004B39DB /* Assets.xcassets in Resources */,
				6881D49C1EFCBC6B003CA502 /* ZHNBookShelfCell.xib in Resources */,
				6861A95D1F0115BC00A7687A /* read_bar_1@3x.png in Resources */,
				6861A9651F0115CE00A7687A /* read_bar_3@3x.png in Resources */,
				680BAD471EF95C920052FA11 /* 求魔.txt in Resources */,
				68B5A0AB1EFE82BB009D4EAE /* read_bg_0@3x.png in Resources */,
				68B5A0AA1EFE82BB009D4EAE /* read_bg_0@2x.png in Resources */,
				6861A9701F0115E900A7687A /* RM_2@2x.png in Resources */,
				6861A9741F0115F000A7687A /* RM_3@2x.png in Resources */,
				684F04611F0B571500C712F6 /* Main.storyboard in Resources */,
				6881D4A01EFCBDA2003CA502 /* 4Inchbookshelfback.png in Resources */,
				6881D4A41EFCBDB3003CA502 /* 703s.jpg in Resources */,
				6861A9A11F01164500A7687A /* RM_15@3x.png in Resources */,
				6861A9951F01162D00A7687A /* RM_11@3x.png in Resources */,
				6861A9751F0115F000A7687A /* RM_3@3x.png in Resources */,
				6861A98D1F01162000A7687A /* RM_9@3x.png in Resources */,
				6861A9911F01162600A7687A /* RM_10@3x.png in Resources */,
				6861A9791F0115F700A7687A /* RM_4@3x.png in Resources */,
				6861A9AC1F01166100A7687A /* RM_18@2x.png in Resources */,
				6881D4881EFCB6E4003CA502 /* User.storyboard in Resources */,
				6861A9711F0115E900A7687A /* RM_2@3x.png in Resources */,
				6861A9A51F01164C00A7687A /* RM_16@3x.png in Resources */,
			);
			runOnlyForDeploymentPostprocessing = 0;
		};
/* End PBXResourcesBuildPhase section */

/* Begin PBXShellScriptBuildPhase section */
		09F020D5A3DAD265235CC8D6 /* [CP] Copy Pods Resources */ = {
			isa = PBXShellScriptBuildPhase;
			buildActionMask = 2147483647;
			files = (
			);
			inputPaths = (
			);
			name = "[CP] Copy Pods Resources";
			outputPaths = (
			);
			runOnlyForDeploymentPostprocessing = 0;
			shellPath = /bin/sh;
			shellScript = "\"${SRCROOT}/Pods/Target Support Files/Pods-Reader/Pods-Reader-resources.sh\"\n";
			showEnvVarsInLog = 0;
		};
		34418CB964E198448A723845 /* [CP] Embed Pods Frameworks */ = {
			isa = PBXShellScriptBuildPhase;
			buildActionMask = 2147483647;
			files = (
			);
			inputPaths = (
			);
			name = "[CP] Embed Pods Frameworks";
			outputPaths = (
			);
			runOnlyForDeploymentPostprocessing = 0;
			shellPath = /bin/sh;
			shellScript = "\"${SRCROOT}/Pods/Target Support Files/Pods-Reader/Pods-Reader-frameworks.sh\"\n";
			showEnvVarsInLog = 0;
		};
		E53EE54F9E06ABF2707D246B /* [CP] Check Pods Manifest.lock */ = {
			isa = PBXShellScriptBuildPhase;
			buildActionMask = 2147483647;
			files = (
			);
			inputPaths = (
			);
			name = "[CP] Check Pods Manifest.lock";
			outputPaths = (
			);
			runOnlyForDeploymentPostprocessing = 0;
			shellPath = /bin/sh;
			shellScript = "diff \"${PODS_PODFILE_DIR_PATH}/Podfile.lock\" \"${PODS_ROOT}/Manifest.lock\" > /dev/null\nif [ $? != 0 ] ; then\n    # print error to STDERR\n    echo \"error: The sandbox is not in sync with the Podfile.lock. Run 'pod install' or update your CocoaPods installation.\" >&2\n    exit 1\nfi\n";
			showEnvVarsInLog = 0;
		};
/* End PBXShellScriptBuildPhase section */

/* Begin PBXSourcesBuildPhase section */
		68F4D8491EF7FCBB004B39DB /* Sources */ = {
			isa = PBXSourcesBuildPhase;
			buildActionMask = 2147483647;
			files = (
				68F4D8531EF7FCBB004B39DB /* ViewController.swift in Sources */,
				68B5A0BF1EFEA840009D4EAE /* ZHNReadRecordModel.swift in Sources */,
				68A6C6C31EFAA8AF00BF971B /* Constant.swift in Sources */,
				68A6C6DB1EFAB82400BF971B /* CoreDataManager.swift in Sources */,
				68B5A0B31EFE951B009D4EAE /* ZHNReadView.swift in Sources */,
				68571B341F03577E00D1F7C1 /* Record+CoreDataProperties.swift in Sources */,
				68B5A0B11EFE9500009D4EAE /* ZHNReadViewCell.swift in Sources */,
				68B5A0971EFE7904009D4EAE /* ZHNReadConfigure.swift in Sources */,
				68B5A0BB1EFE98E8009D4EAE /* Content+CoreDataProperties.swift in Sources */,
				68A6C6CB1EFAA9BF00BF971B /* ServiceResponse.swift in Sources */,
				68B5A0A21EFE7BBC009D4EAE /* ZHNReadEnum.swift in Sources */,
				685C05A61F01FD0D00BEB1F4 /* ZHNBatteryView.swift in Sources */,
				68571B361F0358F400D1F7C1 /* RecordManager.swift in Sources */,
				68B5A0941EFE78CA009D4EAE /* ZHNBaseViewController.swift in Sources */,
				6881D48E1EFCB8C7003CA502 /* UserViewController.swift in Sources */,
				68A6C69B1EFAA7DB00BF971B /* DZMCoverController.m in Sources */,
				68A6C6CD1EFAAA6300BF971B /* ServerResponse.swift in Sources */,
				6881D4981EFCBC4A003CA502 /* ZHNLayout.swift in Sources */,
				68B5A07A1EFE0796009D4EAE /* Chapter+CoreDataClass.swift in Sources */,
				685C05B51F02025A00BEB1F4 /* ZHNHaloButton.swift in Sources */,
				68A6C6991EFAA7DB00BF971B /* ASValuePopUpView.m in Sources */,
				68A6C6D51EFAB24200BF971B /* Novel+CoreDataProperties.swift in Sources */,
				68A6C6D31EFAB1B700BF971B /* Novel+CoreDataClass.swift in Sources */,
				68B5A0A61EFE7E93009D4EAE /* NSObject+Extension.swift in Sources */,
				6881D48C1EFCB88A003CA502 /* HomeViewController.swift in Sources */,
				685C05A21F01E65600BEB1F4 /* ZHNLightView.swift in Sources */,
				685C05B91F02041D00BEB1F4 /* ZHNSettingView.swift in Sources */,
				68A6C69A1EFAA7DB00BF971B /* ASValueTrackingSlider.m in Sources */,
				68F4D8591EF7FCBB004B39DB /* Reader.xcdatamodeld in Sources */,
				68A6C6CF1EFAADBA00BF971B /* ErrorCode.swift in Sources */,
				685C05AE1F02015D00BEB1F4 /* ZHNLeftView.swift in Sources */,
				68B5A09B1EFE798F009D4EAE /* ZHNGlobalMethod.swift in Sources */,
				6881D49B1EFCBC6B003CA502 /* ZHNBookShelfCell.swift in Sources */,
				6861A94B1F00FFA200A7687A /* DZMSegmentedControl.swift in Sources */,
				6863E1691F0A114700FDB81A /* ViewSwift.swift in Sources */,
				68A6C69C1EFAA7DB00BF971B /* UINavigationController+FDFullscreenPopGesture.m in Sources */,
				68B5A0991EFE7941009D4EAE /* ZHNGlobalProperty.swift in Sources */,
				685C05B71F0202EE00BEB1F4 /* ZHNFuncView.swift in Sources */,
				68B5A0B91EFE9887009D4EAE /* Content+CoreDataClass.swift in Sources */,
				685C05AD1F02015D00BEB1F4 /* ZHNBaseView.swift in Sources */,
				68B5A0C31EFEB23D009D4EAE /* ContentFacade.swift in Sources */,
				68A6C6C71EFAA97800BF971B /* NovelWSHelper.swift in Sources */,
				68B5A0AD1EFE856A009D4EAE /* ZHNReadOperation.swift in Sources */,
				68B5A0C11EFEAEE1009D4EAE /* ContentWSHelper.swift in Sources */,
				68B5A0A41EFE7CC2009D4EAE /* ZHNReadUserDefaults.swift in Sources */,
				68B5A0921EFE5A5D009D4EAE /* ZHNReadController.swift in Sources */,
				6881D4911EFCBB4B003CA502 /* MyNavigationController.swift in Sources */,
				6861A94D1F00FFE300A7687A /* UIView+Extension.swift in Sources */,
				685C05AA1F0200ED00BEB1F4 /* ZHNReadMenu.swift in Sources */,
				68A6C6D11EFAAE8F00BF971B /* Common.swift in Sources */,
				68B5A0841EFE0D6E009D4EAE /* ChapterWSHelper.swift in Sources */,
				68571B321F03573600D1F7C1 /* Record+CoreDataClass.swift in Sources */,
				68A6C6C51EFAA93A00BF971B /* NovelFacade.swift in Sources */,
				68B5A0BD1EFE9940009D4EAE /* ServerContent.swift in Sources */,
				68A6C6D91EFAB78400BF971B /* NovelManager.swift in Sources */,
				68F4D8511EF7FCBB004B39DB /* AppDelegate.swift in Sources */,
				68B5A0801EFE096B009D4EAE /* ServerChapter.swift in Sources */,
				68B5A0C51EFEB2F3009D4EAE /* ContentManager.swift in Sources */,
				685C05A91F0200ED00BEB1F4 /* ZHNBottomView.swift in Sources */,
				684B74701F013E1B009EF889 /* ZHNTopView.swift in Sources */,
				6881D4931EFCBB90003CA502 /* MyTabBarController.swift in Sources */,
				68B5A0B71EFE969F009D4EAE /* ZHNReadViewUDCell.swift in Sources */,
				68B5A07E1EFE08D2009D4EAE /* ChapterManager.swift in Sources */,
				68B5A0AF1EFE86CE009D4EAE /* ZHNReadViewController.swift in Sources */,
				68A6C6C91EFAA99D00BF971B /* CommonWSHelper.swift in Sources */,
				68B5A07C1EFE0821009D4EAE /* Chapter+CoreDataProperties.swift in Sources */,
				68A6C6D71EFAB61A00BF971B /* ServerNovel.swift in Sources */,
				6825AACB1EFD483000A0F73F /* InfoModel.swift in Sources */,
				68B5A0821EFE0D4D009D4EAE /* ChapterFacade.swift in Sources */,
				6881D4961EFCBC31003CA502 /* ZHNBookShelfView.swift in Sources */,
				68B5A0B51EFE95C2009D4EAE /* ZHNReadParser.swift in Sources */,
				685C05A41F01FCD800BEB1F4 /* ZHNStatusView.swift in Sources */,
				68A6C69D1EFAA7DB00BF971B /* UIView+YGPulseView.m in Sources */,
				685C05B31F0201E700BEB1F4 /* ZHNColorView.swift in Sources */,
				68571B381F03598500D1F7C1 /* ServerRecord.swift in Sources */,
				68B5A09D1EFE79FC009D4EAE /* String+Extension.swift in Sources */,
			);
			runOnlyForDeploymentPostprocessing = 0;
		};
/* End PBXSourcesBuildPhase section */

/* Begin PBXVariantGroup section */
		68F4D8541EF7FCBB004B39DB /* Main.storyboard */ = {
			isa = PBXVariantGroup;
			children = (
				68F4D8551EF7FCBB004B39DB /* Base */,
			);
			name = Main.storyboard;
			sourceTree = "<group>";
		};
		68F4D85C1EF7FCBB004B39DB /* LaunchScreen.storyboard */ = {
			isa = PBXVariantGroup;
			children = (
				68F4D85D1EF7FCBB004B39DB /* Base */,
			);
			name = LaunchScreen.storyboard;
			sourceTree = "<group>";
		};
/* End PBXVariantGroup section */

/* Begin XCBuildConfiguration section */
		68F4D8601EF7FCBB004B39DB /* Debug */ = {
			isa = XCBuildConfiguration;
			buildSettings = {
				ALWAYS_SEARCH_USER_PATHS = NO;
				CLANG_ANALYZER_NONNULL = YES;
				CLANG_ANALYZER_NUMBER_OBJECT_CONVERSION = YES_AGGRESSIVE;
				CLANG_CXX_LANGUAGE_STANDARD = "gnu++0x";
				CLANG_CXX_LIBRARY = "libc++";
				CLANG_ENABLE_MODULES = YES;
				CLANG_ENABLE_OBJC_ARC = YES;
				CLANG_WARN_BOOL_CONVERSION = YES;
				CLANG_WARN_CONSTANT_CONVERSION = YES;
				CLANG_WARN_DIRECT_OBJC_ISA_USAGE = YES_ERROR;
				CLANG_WARN_DOCUMENTATION_COMMENTS = YES;
				CLANG_WARN_EMPTY_BODY = YES;
				CLANG_WARN_ENUM_CONVERSION = YES;
				CLANG_WARN_INFINITE_RECURSION = YES;
				CLANG_WARN_INT_CONVERSION = YES;
				CLANG_WARN_OBJC_ROOT_CLASS = YES_ERROR;
				CLANG_WARN_SUSPICIOUS_MOVE = YES;
				CLANG_WARN_UNREACHABLE_CODE = YES;
				CLANG_WARN__DUPLICATE_METHOD_MATCH = YES;
				"CODE_SIGN_IDENTITY[sdk=iphoneos*]" = "iPhone Developer";
				COPY_PHASE_STRIP = NO;
				DEBUG_INFORMATION_FORMAT = dwarf;
				ENABLE_STRICT_OBJC_MSGSEND = YES;
				ENABLE_TESTABILITY = YES;
				GCC_C_LANGUAGE_STANDARD = gnu99;
				GCC_DYNAMIC_NO_PIC = NO;
				GCC_NO_COMMON_BLOCKS = YES;
				GCC_OPTIMIZATION_LEVEL = 0;
				GCC_PREPROCESSOR_DEFINITIONS = (
					"DEBUG=1",
					"$(inherited)",
				);
				GCC_WARN_64_TO_32_BIT_CONVERSION = YES;
				GCC_WARN_ABOUT_RETURN_TYPE = YES_ERROR;
				GCC_WARN_UNDECLARED_SELECTOR = YES;
				GCC_WARN_UNINITIALIZED_AUTOS = YES_AGGRESSIVE;
				GCC_WARN_UNUSED_FUNCTION = YES;
				GCC_WARN_UNUSED_VARIABLE = YES;
				IPHONEOS_DEPLOYMENT_TARGET = 10.3;
				MTL_ENABLE_DEBUG_INFO = YES;
				ONLY_ACTIVE_ARCH = YES;
				SDKROOT = iphoneos;
				SWIFT_ACTIVE_COMPILATION_CONDITIONS = DEBUG;
				SWIFT_OPTIMIZATION_LEVEL = "-Onone";
				TARGETED_DEVICE_FAMILY = "1,2";
			};
			name = Debug;
		};
		68F4D8611EF7FCBB004B39DB /* Release */ = {
			isa = XCBuildConfiguration;
			buildSettings = {
				ALWAYS_SEARCH_USER_PATHS = NO;
				CLANG_ANALYZER_NONNULL = YES;
				CLANG_ANALYZER_NUMBER_OBJECT_CONVERSION = YES_AGGRESSIVE;
				CLANG_CXX_LANGUAGE_STANDARD = "gnu++0x";
				CLANG_CXX_LIBRARY = "libc++";
				CLANG_ENABLE_MODULES = YES;
				CLANG_ENABLE_OBJC_ARC = YES;
				CLANG_WARN_BOOL_CONVERSION = YES;
				CLANG_WARN_CONSTANT_CONVERSION = YES;
				CLANG_WARN_DIRECT_OBJC_ISA_USAGE = YES_ERROR;
				CLANG_WARN_DOCUMENTATION_COMMENTS = YES;
				CLANG_WARN_EMPTY_BODY = YES;
				CLANG_WARN_ENUM_CONVERSION = YES;
				CLANG_WARN_INFINITE_RECURSION = YES;
				CLANG_WARN_INT_CONVERSION = YES;
				CLANG_WARN_OBJC_ROOT_CLASS = YES_ERROR;
				CLANG_WARN_SUSPICIOUS_MOVE = YES;
				CLANG_WARN_UNREACHABLE_CODE = YES;
				CLANG_WARN__DUPLICATE_METHOD_MATCH = YES;
				"CODE_SIGN_IDENTITY[sdk=iphoneos*]" = "iPhone Developer";
				COPY_PHASE_STRIP = NO;
				DEBUG_INFORMATION_FORMAT = "dwarf-with-dsym";
				ENABLE_NS_ASSERTIONS = NO;
				ENABLE_STRICT_OBJC_MSGSEND = YES;
				GCC_C_LANGUAGE_STANDARD = gnu99;
				GCC_NO_COMMON_BLOCKS = YES;
				GCC_WARN_64_TO_32_BIT_CONVERSION = YES;
				GCC_WARN_ABOUT_RETURN_TYPE = YES_ERROR;
				GCC_WARN_UNDECLARED_SELECTOR = YES;
				GCC_WARN_UNINITIALIZED_AUTOS = YES_AGGRESSIVE;
				GCC_WARN_UNUSED_FUNCTION = YES;
				GCC_WARN_UNUSED_VARIABLE = YES;
				IPHONEOS_DEPLOYMENT_TARGET = 10.3;
				MTL_ENABLE_DEBUG_INFO = NO;
				SDKROOT = iphoneos;
				SWIFT_OPTIMIZATION_LEVEL = "-Owholemodule";
				TARGETED_DEVICE_FAMILY = "1,2";
				VALIDATE_PRODUCT = YES;
			};
			name = Release;
		};
		68F4D8631EF7FCBB004B39DB /* Debug */ = {
			isa = XCBuildConfiguration;
			baseConfigurationReference = 3BED83C7077D86B773E450C8 /* Pods-Reader.debug.xcconfig */;
			buildSettings = {
				ASSETCATALOG_COMPILER_APPICON_NAME = AppIcon;
				CLANG_ENABLE_MODULES = YES;
				"CODE_SIGN_IDENTITY[sdk=iphoneos*]" = "iPhone Developer";
				DEVELOPMENT_TEAM = "";
				INFOPLIST_FILE = Reader/Info.plist;
				LD_RUNPATH_SEARCH_PATHS = "$(inherited) @executable_path/Frameworks";
				PRODUCT_BUNDLE_IDENTIFIER = com.reader.me;
				PRODUCT_NAME = "$(TARGET_NAME)";
				PROVISIONING_PROFILE = "";
				PROVISIONING_PROFILE_SPECIFIER = "";
				SWIFT_OBJC_BRIDGING_HEADER = "Reader/Reader-Bridging-Header.h";
				SWIFT_OPTIMIZATION_LEVEL = "-Onone";
				SWIFT_VERSION = 3.0;
			};
			name = Debug;
		};
		68F4D8641EF7FCBB004B39DB /* Release */ = {
			isa = XCBuildConfiguration;
			baseConfigurationReference = CBC8011892197DA78464EEA9 /* Pods-Reader.release.xcconfig */;
			buildSettings = {
				ASSETCATALOG_COMPILER_APPICON_NAME = AppIcon;
				CLANG_ENABLE_MODULES = YES;
				"CODE_SIGN_IDENTITY[sdk=iphoneos*]" = "iPhone Developer";
				DEVELOPMENT_TEAM = "";
				INFOPLIST_FILE = Reader/Info.plist;
				LD_RUNPATH_SEARCH_PATHS = "$(inherited) @executable_path/Frameworks";
				PRODUCT_BUNDLE_IDENTIFIER = com.reader.me;
				PRODUCT_NAME = "$(TARGET_NAME)";
				PROVISIONING_PROFILE = "";
				PROVISIONING_PROFILE_SPECIFIER = "";
				SWIFT_OBJC_BRIDGING_HEADER = "Reader/Reader-Bridging-Header.h";
				SWIFT_VERSION = 3.0;
			};
			name = Release;
		};
/* End XCBuildConfiguration section */

/* Begin XCConfigurationList section */
		68F4D8481EF7FCBB004B39DB /* Build configuration list for PBXProject "Reader" */ = {
			isa = XCConfigurationList;
			buildConfigurations = (
				68F4D8601EF7FCBB004B39DB /* Debug */,
				68F4D8611EF7FCBB004B39DB /* Release */,
			);
			defaultConfigurationIsVisible = 0;
			defaultConfigurationName = Release;
		};
		68F4D8621EF7FCBB004B39DB /* Build configuration list for PBXNativeTarget "Reader" */ = {
			isa = XCConfigurationList;
			buildConfigurations = (
				68F4D8631EF7FCBB004B39DB /* Debug */,
				68F4D8641EF7FCBB004B39DB /* Release */,
			);
			defaultConfigurationIsVisible = 0;
			defaultConfigurationName = Release;
		};
/* End XCConfigurationList section */

/* Begin XCVersionGroup section */
		68F4D8571EF7FCBB004B39DB /* Reader.xcdatamodeld */ = {
			isa = XCVersionGroup;
			children = (
				68F4D8581EF7FCBB004B39DB /* Reader.xcdatamodel */,
			);
			currentVersion = 68F4D8581EF7FCBB004B39DB /* Reader.xcdatamodel */;
			path = Reader.xcdatamodeld;
			sourceTree = "<group>";
			versionGroupType = wrapper.xcdatamodel;
		};
/* End XCVersionGroup section */
	};
	rootObject = 68F4D8451EF7FCBB004B39DB /* Project object */;
}
