// !$*UTF8*$!
{
	archiveVersion = 1;
	classes = {
	};
	objectVersion = 46;
	objects = {

/* Begin PBXBuildFile section */
		68F4D8511EF7FCBB004B39DB /* AppDelegate.swift in Sources */ = {isa = PBXBuildFile; fileRef = 68F4D8501EF7FCBB004B39DB /* AppDelegate.swift */; };
		68F4D8531EF7FCBB004B39DB /* ViewController.swift in Sources */ = {isa = PBXBuildFile; fileRef = 68F4D8521EF7FCBB004B39DB /* ViewController.swift */; };
		68F4D8561EF7FCBB004B39DB /* Main.storyboard in Resources */ = {isa = PBXBuildFile; fileRef = 68F4D8541EF7FCBB004B39DB /* Main.storyboard */; };
		68F4D8591EF7FCBB004B39DB /* Reader.xcdatamodeld in Sources */ = {isa = PBXBuildFile; fileRef = 68F4D8571EF7FCBB004B39DB /* Reader.xcdatamodeld */; };
		68F4D85B1EF7FCBB004B39DB /* Assets.xcassets in Resources */ = {isa = PBXBuildFile; fileRef = 68F4D85A1EF7FCBB004B39DB /* Assets.xcassets */; };
		68F4D85E1EF7FCBB004B39DB /* LaunchScreen.storyboard in Resources */ = {isa = PBXBuildFile; fileRef = 68F4D85C1EF7FCBB004B39DB /* LaunchScreen.storyboard */; };
/* End PBXBuildFile section */

/* Begin PBXFileReference section */
		68F4D84D1EF7FCBB004B39DB /* Reader.app */ = {isa = PBXFileReference; explicitFileType = wrapper.application; includeInIndex = 0; path = Reader.app; sourceTree = BUILT_PRODUCTS_DIR; };
		68F4D8501EF7FCBB004B39DB /* AppDelegate.swift */ = {isa = PBXFileReference; lastKnownFileType = sourcecode.swift; path = AppDelegate.swift; sourceTree = "<group>"; };
		68F4D8521EF7FCBB004B39DB /* ViewController.swift */ = {isa = PBXFileReference; lastKnownFileType = sourcecode.swift; path = ViewController.swift; sourceTree = "<group>"; };
		68F4D8551EF7FCBB004B39DB /* Base */ = {isa = PBXFileReference; lastKnownFileType = file.storyboard; name = Base; path = Base.lproj/Main.storyboard; sourceTree = "<group>"; };
		68F4D8581EF7FCBB004B39DB /* Reader.xcdatamodel */ = {isa = PBXFileReference; lastKnownFileType = wrapper.xcdatamodel; path = Reader.xcdatamodel; sourceTree = "<group>"; };
		68F4D85A1EF7FCBB004B39DB /* Assets.xcassets */ = {isa = PBXFileReference; lastKnownFileType = folder.assetcatalog; path = Assets.xcassets; sourceTree = "<group>"; };
		68F4D85D1EF7FCBB004B39DB /* Base */ = {isa = PBXFileReference; lastKnownFileType = file.storyboard; name = Base; path = Base.lproj/LaunchScreen.storyboard; sourceTree = "<group>"; };
		68F4D85F1EF7FCBB004B39DB /* Info.plist */ = {isa = PBXFileReference; lastKnownFileType = text.plist.xml; path = Info.plist; sourceTree = "<group>"; };
/* End PBXFileReference section */

/* Begin PBXFrameworksBuildPhase section */
		68F4D84A1EF7FCBB004B39DB /* Frameworks */ = {
			isa = PBXFrameworksBuildPhase;
			buildActionMask = 2147483647;
			files = (
			);
			runOnlyForDeploymentPostprocessing = 0;
		};
/* End PBXFrameworksBuildPhase section */

/* Begin PBXGroup section */
		68F4D8441EF7FCBB004B39DB = {
			isa = PBXGroup;
			children = (
				68F4D84F1EF7FCBB004B39DB /* Reader */,
				68F4D84E1EF7FCBB004B39DB /* Products */,
			);
			sourceTree = "<group>";
		};
		68F4D84E1EF7FCBB004B39DB /* Products */ = {
			isa = PBXGroup;
			children = (
				68F4D84D1EF7FCBB004B39DB /* Reader.app */,
			);
			name = Products;
			sourceTree = "<group>";
		};
		68F4D84F1EF7FCBB004B39DB /* Reader */ = {
			isa = PBXGroup;
			children = (
				68F4D8501EF7FCBB004B39DB /* AppDelegate.swift */,
				68F4D8521EF7FCBB004B39DB /* ViewController.swift */,
				68F4D8541EF7FCBB004B39DB /* Main.storyboard */,
				68F4D85A1EF7FCBB004B39DB /* Assets.xcassets */,
				68F4D85C1EF7FCBB004B39DB /* LaunchScreen.storyboard */,
				68F4D85F1EF7FCBB004B39DB /* Info.plist */,
				68F4D8571EF7FCBB004B39DB /* Reader.xcdatamodeld */,
			);
			path = Reader;
			sourceTree = "<group>";
		};
/* End PBXGroup section */

/* Begin PBXNativeTarget section */
		68F4D84C1EF7FCBB004B39DB /* Reader */ = {
			isa = PBXNativeTarget;
			buildConfigurationList = 68F4D8621EF7FCBB004B39DB /* Build configuration list for PBXNativeTarget "Reader" */;
			buildPhases = (
				68F4D8491EF7FCBB004B39DB /* Sources */,
				68F4D84A1EF7FCBB004B39DB /* Frameworks */,
				68F4D84B1EF7FCBB004B39DB /* Resources */,
			);
			buildRules = (
			);
			dependencies = (
			);
			name = Reader;
			productName = Reader;
			productReference = 68F4D84D1EF7FCBB004B39DB /* Reader.app */;
			productType = "com.apple.product-type.application";
		};
/* End PBXNativeTarget section */

/* Begin PBXProject section */
		68F4D8451EF7FCBB004B39DB /* Project object */ = {
			isa = PBXProject;
			attributes = {
				LastSwiftUpdateCheck = 0830;
				LastUpgradeCheck = 0830;
				ORGANIZATIONNAME = "枫韵海";
				TargetAttributes = {
					68F4D84C1EF7FCBB004B39DB = {
						CreatedOnToolsVersion = 8.3.2;
						DevelopmentTeam = W5VFPYJ97V;
						ProvisioningStyle = Automatic;
					};
				};
			};
			buildConfigurationList = 68F4D8481EF7FCBB004B39DB /* Build configuration list for PBXProject "Reader" */;
			compatibilityVersion = "Xcode 3.2";
			developmentRegion = English;
			hasScannedForEncodings = 0;
			knownRegions = (
				en,
				Base,
			);
			mainGroup = 68F4D8441EF7FCBB004B39DB;
			productRefGroup = 68F4D84E1EF7FCBB004B39DB /* Products */;
			projectDirPath = "";
			projectRoot = "";
			targets = (
				68F4D84C1EF7FCBB004B39DB /* Reader */,
			);
		};
/* End PBXProject section */

/* Begin PBXResourcesBuildPhase section */
		68F4D84B1EF7FCBB004B39DB /* Resources */ = {
			isa = PBXResourcesBuildPhase;
			buildActionMask = 2147483647;
			files = (
				68F4D85E1EF7FCBB004B39DB /* LaunchScreen.storyboard in Resources */,
				68F4D85B1EF7FCBB004B39DB /* Assets.xcassets in Resources */,
				68F4D8561EF7FCBB004B39DB /* Main.storyboard in Resources */,
			);
			runOnlyForDeploymentPostprocessing = 0;
		};
/* End PBXResourcesBuildPhase section */

/* Begin PBXSourcesBuildPhase section */
		68F4D8491EF7FCBB004B39DB /* Sources */ = {
			isa = PBXSourcesBuildPhase;
			buildActionMask = 2147483647;
			files = (
				68F4D8531EF7FCBB004B39DB /* ViewController.swift in Sources */,
				68F4D8591EF7FCBB004B39DB /* Reader.xcdatamodeld in Sources */,
				68F4D8511EF7FCBB004B39DB /* AppDelegate.swift in Sources */,
			);
			runOnlyForDeploymentPostprocessing = 0;
		};
/* End PBXSourcesBuildPhase section */

/* Begin PBXVariantGroup section */
		68F4D8541EF7FCBB004B39DB /* Main.storyboard */ = {
			isa = PBXVariantGroup;
			children = (
				68F4D8551EF7FCBB004B39DB /* Base */,
			);
			name = Main.storyboard;
			sourceTree = "<group>";
		};
		68F4D85C1EF7FCBB004B39DB /* LaunchScreen.storyboard */ = {
			isa = PBXVariantGroup;
			children = (
				68F4D85D1EF7FCBB004B39DB /* Base */,
			);
			name = LaunchScreen.storyboard;
			sourceTree = "<group>";
		};
/* End PBXVariantGroup section */

/* Begin XCBuildConfiguration section */
		68F4D8601EF7FCBB004B39DB /* Debug */ = {
			isa = XCBuildConfiguration;
			buildSettings = {
				ALWAYS_SEARCH_USER_PATHS = NO;
				CLANG_ANALYZER_NONNULL = YES;
				CLANG_ANALYZER_NUMBER_OBJECT_CONVERSION = YES_AGGRESSIVE;
				CLANG_CXX_LANGUAGE_STANDARD = "gnu++0x";
				CLANG_CXX_LIBRARY = "libc++";
				CLANG_ENABLE_MODULES = YES;
				CLANG_ENABLE_OBJC_ARC = YES;
				CLANG_WARN_BOOL_CONVERSION = YES;
				CLANG_WARN_CONSTANT_CONVERSION = YES;
				CLANG_WARN_DIRECT_OBJC_ISA_USAGE = YES_ERROR;
				CLANG_WARN_DOCUMENTATION_COMMENTS = YES;
				CLANG_WARN_EMPTY_BODY = YES;
				CLANG_WARN_ENUM_CONVERSION = YES;
				CLANG_WARN_INFINITE_RECURSION = YES;
				CLANG_WARN_INT_CONVERSION = YES;
				CLANG_WARN_OBJC_ROOT_CLASS = YES_ERROR;
				CLANG_WARN_SUSPICIOUS_MOVE = YES;
				CLANG_WARN_UNREACHABLE_CODE = YES;
				CLANG_WARN__DUPLICATE_METHOD_MATCH = YES;
				"CODE_SIGN_IDENTITY[sdk=iphoneos*]" = "iPhone Developer";
				COPY_PHASE_STRIP = NO;
				DEBUG_INFORMATION_FORMAT = dwarf;
				ENABLE_STRICT_OBJC_MSGSEND = YES;
				ENABLE_TESTABILITY = YES;
				GCC_C_LANGUAGE_STANDARD = gnu99;
				GCC_DYNAMIC_NO_PIC = NO;
				GCC_NO_COMMON_BLOCKS = YES;
				GCC_OPTIMIZATION_LEVEL = 0;
				GCC_PREPROCESSOR_DEFINITIONS = (
					"DEBUG=1",
					"$(inherited)",
				);
				GCC_WARN_64_TO_32_BIT_CONVERSION = YES;
				GCC_WARN_ABOUT_RETURN_TYPE = YES_ERROR;
				GCC_WARN_UNDECLARED_SELECTOR = YES;
				GCC_WARN_UNINITIALIZED_AUTOS = YES_AGGRESSIVE;
				GCC_WARN_UNUSED_FUNCTION = YES;
				GCC_WARN_UNUSED_VARIABLE = YES;
				IPHONEOS_DEPLOYMENT_TARGET = 10.3;
				MTL_ENABLE_DEBUG_INFO = YES;
				ONLY_ACTIVE_ARCH = YES;
				SDKROOT = iphoneos;
				SWIFT_ACTIVE_COMPILATION_CONDITIONS = DEBUG;
				SWIFT_OPTIMIZATION_LEVEL = "-Onone";
				TARGETED_DEVICE_FAMILY = "1,2";
			};
			name = Debug;
		};
		68F4D8611EF7FCBB004B39DB /* Release */ = {
			isa = XCBuildConfiguration;
			buildSettings = {
				ALWAYS_SEARCH_USER_PATHS = NO;
				CLANG_ANALYZER_NONNULL = YES;
				CLANG_ANALYZER_NUMBER_OBJECT_CONVERSION = YES_AGGRESSIVE;
				CLANG_CXX_LANGUAGE_STANDARD = "gnu++0x";
				CLANG_CXX_LIBRARY = "libc++";
				CLANG_ENABLE_MODULES = YES;
				CLANG_ENABLE_OBJC_ARC = YES;
				CLANG_WARN_BOOL_CONVERSION = YES;
				CLANG_WARN_CONSTANT_CONVERSION = YES;
				CLANG_WARN_DIRECT_OBJC_ISA_USAGE = YES_ERROR;
				CLANG_WARN_DOCUMENTATION_COMMENTS = YES;
				CLANG_WARN_EMPTY_BODY = YES;
				CLANG_WARN_ENUM_CONVERSION = YES;
				CLANG_WARN_INFINITE_RECURSION = YES;
				CLANG_WARN_INT_CONVERSION = YES;
				CLANG_WARN_OBJC_ROOT_CLASS = YES_ERROR;
				CLANG_WARN_SUSPICIOUS_MOVE = YES;
				CLANG_WARN_UNREACHABLE_CODE = YES;
				CLANG_WARN__DUPLICATE_METHOD_MATCH = YES;
				"CODE_SIGN_IDENTITY[sdk=iphoneos*]" = "iPhone Developer";
				COPY_PHASE_STRIP = NO;
				DEBUG_INFORMATION_FORMAT = "dwarf-with-dsym";
				ENABLE_NS_ASSERTIONS = NO;
				ENABLE_STRICT_OBJC_MSGSEND = YES;
				GCC_C_LANGUAGE_STANDARD = gnu99;
				GCC_NO_COMMON_BLOCKS = YES;
				GCC_WARN_64_TO_32_BIT_CONVERSION = YES;
				GCC_WARN_ABOUT_RETURN_TYPE = YES_ERROR;
				GCC_WARN_UNDECLARED_SELECTOR = YES;
				GCC_WARN_UNINITIALIZED_AUTOS = YES_AGGRESSIVE;
				GCC_WARN_UNUSED_FUNCTION = YES;
				GCC_WARN_UNUSED_VARIABLE = YES;
				IPHONEOS_DEPLOYMENT_TARGET = 10.3;
				MTL_ENABLE_DEBUG_INFO = NO;
				SDKROOT = iphoneos;
				SWIFT_OPTIMIZATION_LEVEL = "-Owholemodule";
				TARGETED_DEVICE_FAMILY = "1,2";
				VALIDATE_PRODUCT = YES;
			};
			name = Release;
		};
		68F4D8631EF7FCBB004B39DB /* Debug */ = {
			isa = XCBuildConfiguration;
			buildSettings = {
				ASSETCATALOG_COMPILER_APPICON_NAME = AppIcon;
				DEVELOPMENT_TEAM = W5VFPYJ97V;
				INFOPLIST_FILE = Reader/Info.plist;
				LD_RUNPATH_SEARCH_PATHS = "$(inherited) @executable_path/Frameworks";
				PRODUCT_BUNDLE_IDENTIFIER = com.myCompany.Reader;
				PRODUCT_NAME = "$(TARGET_NAME)";
				SWIFT_VERSION = 3.0;
			};
			name = Debug;
		};
		68F4D8641EF7FCBB004B39DB /* Release */ = {
			isa = XCBuildConfiguration;
			buildSettings = {
				ASSETCATALOG_COMPILER_APPICON_NAME = AppIcon;
				DEVELOPMENT_TEAM = W5VFPYJ97V;
				INFOPLIST_FILE = Reader/Info.plist;
				LD_RUNPATH_SEARCH_PATHS = "$(inherited) @executable_path/Frameworks";
				PRODUCT_BUNDLE_IDENTIFIER = com.myCompany.Reader;
				PRODUCT_NAME = "$(TARGET_NAME)";
				SWIFT_VERSION = 3.0;
			};
			name = Release;
		};
/* End XCBuildConfiguration section */

/* Begin XCConfigurationList section */
		68F4D8481EF7FCBB004B39DB /* Build configuration list for PBXProject "Reader" */ = {
			isa = XCConfigurationList;
			buildConfigurations = (
				68F4D8601EF7FCBB004B39DB /* Debug */,
				68F4D8611EF7FCBB004B39DB /* Release */,
			);
			defaultConfigurationIsVisible = 0;
			defaultConfigurationName = Release;
		};
		68F4D8621EF7FCBB004B39DB /* Build configuration list for PBXNativeTarget "Reader" */ = {
			isa = XCConfigurationList;
			buildConfigurations = (
				68F4D8631EF7FCBB004B39DB /* Debug */,
				68F4D8641EF7FCBB004B39DB /* Release */,
			);
			defaultConfigurationIsVisible = 0;
		};
/* End XCConfigurationList section */

/* Begin XCVersionGroup section */
		68F4D8571EF7FCBB004B39DB /* Reader.xcdatamodeld */ = {
			isa = XCVersionGroup;
			children = (
				68F4D8581EF7FCBB004B39DB /* Reader.xcdatamodel */,
			);
			currentVersion = 68F4D8581EF7FCBB004B39DB /* Reader.xcdatamodel */;
			path = Reader.xcdatamodeld;
			sourceTree = "<group>";
			versionGroupType = wrapper.xcdatamodel;
		};
/* End XCVersionGroup section */
	};
	rootObject = 68F4D8451EF7FCBB004B39DB /* Project object */;
}
